// !$*UTF8*$!
{
	archiveVersion = 1;
	classes = {
	};
	objectVersion = 56;
	objects = {

/* Begin PBXBuildFile section */
		B8BD7E4429203A27007C748A /* AppDelegate.swift in Sources */ = {isa = PBXBuildFile; fileRef = B8BD7E4329203A27007C748A /* AppDelegate.swift */; };
		B8BD7E4629203A27007C748A /* SceneDelegate.swift in Sources */ = {isa = PBXBuildFile; fileRef = B8BD7E4529203A27007C748A /* SceneDelegate.swift */; };
		B8BD7E4829203A27007C748A /* ViewController.swift in Sources */ = {isa = PBXBuildFile; fileRef = B8BD7E4729203A27007C748A /* ViewController.swift */; };
		B8BD7E4B29203A27007C748A /* Main.storyboard in Resources */ = {isa = PBXBuildFile; fileRef = B8BD7E4929203A27007C748A /* Main.storyboard */; };
		B8BD7E4D29203A29007C748A /* Assets.xcassets in Resources */ = {isa = PBXBuildFile; fileRef = B8BD7E4C29203A29007C748A /* Assets.xcassets */; };
		B8BD7E5029203A29007C748A /* LaunchScreen.storyboard in Resources */ = {isa = PBXBuildFile; fileRef = B8BD7E4E29203A29007C748A /* LaunchScreen.storyboard */; };
		B8BD7E5B29203A29007C748A /* BreakingUSNewsTests.swift in Sources */ = {isa = PBXBuildFile; fileRef = B8BD7E5A29203A29007C748A /* BreakingUSNewsTests.swift */; };
		B8BD7E6529203A29007C748A /* BreakingUSNewsUITests.swift in Sources */ = {isa = PBXBuildFile; fileRef = B8BD7E6429203A29007C748A /* BreakingUSNewsUITests.swift */; };
		B8BD7E6729203A29007C748A /* BreakingUSNewsUITestsLaunchTests.swift in Sources */ = {isa = PBXBuildFile; fileRef = B8BD7E6629203A29007C748A /* BreakingUSNewsUITestsLaunchTests.swift */; };
/* End PBXBuildFile section */

/* Begin PBXContainerItemProxy section */
		B8BD7E5729203A29007C748A /* PBXContainerItemProxy */ = {
			isa = PBXContainerItemProxy;
			containerPortal = B8BD7E3829203A27007C748A /* Project object */;
			proxyType = 1;
			remoteGlobalIDString = B8BD7E3F29203A27007C748A;
			remoteInfo = BreakingUSNews;
		};
		B8BD7E6129203A29007C748A /* PBXContainerItemProxy */ = {
			isa = PBXContainerItemProxy;
			containerPortal = B8BD7E3829203A27007C748A /* Project object */;
			proxyType = 1;
			remoteGlobalIDString = B8BD7E3F29203A27007C748A;
			remoteInfo = BreakingUSNews;
		};
/* End PBXContainerItemProxy section */

/* Begin PBXFileReference section */
		B8BD7E4029203A27007C748A /* BreakingUSNews.app */ = {isa = PBXFileReference; explicitFileType = wrapper.application; includeInIndex = 0; path = BreakingUSNews.app; sourceTree = BUILT_PRODUCTS_DIR; };
		B8BD7E4329203A27007C748A /* AppDelegate.swift */ = {isa = PBXFileReference; lastKnownFileType = sourcecode.swift; path = AppDelegate.swift; sourceTree = "<group>"; };
		B8BD7E4529203A27007C748A /* SceneDelegate.swift */ = {isa = PBXFileReference; lastKnownFileType = sourcecode.swift; path = SceneDelegate.swift; sourceTree = "<group>"; };
		B8BD7E4729203A27007C748A /* ViewController.swift */ = {isa = PBXFileReference; lastKnownFileType = sourcecode.swift; path = ViewController.swift; sourceTree = "<group>"; };
		B8BD7E4A29203A27007C748A /* Base */ = {isa = PBXFileReference; lastKnownFileType = file.storyboard; name = Base; path = Base.lproj/Main.storyboard; sourceTree = "<group>"; };
		B8BD7E4C29203A29007C748A /* Assets.xcassets */ = {isa = PBXFileReference; lastKnownFileType = folder.assetcatalog; path = Assets.xcassets; sourceTree = "<group>"; };
		B8BD7E4F29203A29007C748A /* Base */ = {isa = PBXFileReference; lastKnownFileType = file.storyboard; name = Base; path = Base.lproj/LaunchScreen.storyboard; sourceTree = "<group>"; };
		B8BD7E5129203A29007C748A /* Info.plist */ = {isa = PBXFileReference; lastKnownFileType = text.plist.xml; path = Info.plist; sourceTree = "<group>"; };
		B8BD7E5629203A29007C748A /* BreakingUSNewsTests.xctest */ = {isa = PBXFileReference; explicitFileType = wrapper.cfbundle; includeInIndex = 0; path = BreakingUSNewsTests.xctest; sourceTree = BUILT_PRODUCTS_DIR; };
		B8BD7E5A29203A29007C748A /* BreakingUSNewsTests.swift */ = {isa = PBXFileReference; lastKnownFileType = sourcecode.swift; path = BreakingUSNewsTests.swift; sourceTree = "<group>"; };
		B8BD7E6029203A29007C748A /* BreakingUSNewsUITests.xctest */ = {isa = PBXFileReference; explicitFileType = wrapper.cfbundle; includeInIndex = 0; path = BreakingUSNewsUITests.xctest; sourceTree = BUILT_PRODUCTS_DIR; };
		B8BD7E6429203A29007C748A /* BreakingUSNewsUITests.swift */ = {isa = PBXFileReference; lastKnownFileType = sourcecode.swift; path = BreakingUSNewsUITests.swift; sourceTree = "<group>"; };
		B8BD7E6629203A29007C748A /* BreakingUSNewsUITestsLaunchTests.swift */ = {isa = PBXFileReference; lastKnownFileType = sourcecode.swift; path = BreakingUSNewsUITestsLaunchTests.swift; sourceTree = "<group>"; };
/* End PBXFileReference section */

/* Begin PBXFrameworksBuildPhase section */
		B8BD7E3D29203A27007C748A /* Frameworks */ = {
			isa = PBXFrameworksBuildPhase;
			buildActionMask = 2147483647;
			files = (
			);
			runOnlyForDeploymentPostprocessing = 0;
		};
		B8BD7E5329203A29007C748A /* Frameworks */ = {
			isa = PBXFrameworksBuildPhase;
			buildActionMask = 2147483647;
			files = (
			);
			runOnlyForDeploymentPostprocessing = 0;
		};
		B8BD7E5D29203A29007C748A /* Frameworks */ = {
			isa = PBXFrameworksBuildPhase;
			buildActionMask = 2147483647;
			files = (
			);
			runOnlyForDeploymentPostprocessing = 0;
		};
/* End PBXFrameworksBuildPhase section */

/* Begin PBXGroup section */
		B8BD7E3729203A27007C748A = {
			isa = PBXGroup;
			children = (
				B8BD7E4229203A27007C748A /* BreakingUSNews */,
				B8BD7E5929203A29007C748A /* BreakingUSNewsTests */,
				B8BD7E6329203A29007C748A /* BreakingUSNewsUITests */,
				B8BD7E4129203A27007C748A /* Products */,
			);
			sourceTree = "<group>";
		};
		B8BD7E4129203A27007C748A /* Products */ = {
			isa = PBXGroup;
			children = (
				B8BD7E4029203A27007C748A /* BreakingUSNews.app */,
				B8BD7E5629203A29007C748A /* BreakingUSNewsTests.xctest */,
				B8BD7E6029203A29007C748A /* BreakingUSNewsUITests.xctest */,
			);
			name = Products;
			sourceTree = "<group>";
		};
		B8BD7E4229203A27007C748A /* BreakingUSNews */ = {
			isa = PBXGroup;
			children = (
				B8BD7E4329203A27007C748A /* AppDelegate.swift */,
				B8BD7E4529203A27007C748A /* SceneDelegate.swift */,
				B8BD7E4729203A27007C748A /* ViewController.swift */,
				B8BD7E4929203A27007C748A /* Main.storyboard */,
				B8BD7E4C29203A29007C748A /* Assets.xcassets */,
				B8BD7E4E29203A29007C748A /* LaunchScreen.storyboard */,
				B8BD7E5129203A29007C748A /* Info.plist */,
			);
			path = BreakingUSNews;
			sourceTree = "<group>";
		};
		B8BD7E5929203A29007C748A /* BreakingUSNewsTests */ = {
			isa = PBXGroup;
			children = (
				B8BD7E5A29203A29007C748A /* BreakingUSNewsTests.swift */,
			);
			path = BreakingUSNewsTests;
			sourceTree = "<group>";
		};
		B8BD7E6329203A29007C748A /* BreakingUSNewsUITests */ = {
			isa = PBXGroup;
			children = (
				B8BD7E6429203A29007C748A /* BreakingUSNewsUITests.swift */,
				B8BD7E6629203A29007C748A /* BreakingUSNewsUITestsLaunchTests.swift */,
			);
			path = BreakingUSNewsUITests;
			sourceTree = "<group>";
		};
/* End PBXGroup section */

/* Begin PBXNativeTarget section */
		B8BD7E3F29203A27007C748A /* BreakingUSNews */ = {
			isa = PBXNativeTarget;
			buildConfigurationList = B8BD7E6A29203A29007C748A /* Build configuration list for PBXNativeTarget "BreakingUSNews" */;
			buildPhases = (
				B8BD7E3C29203A27007C748A /* Sources */,
				B8BD7E3D29203A27007C748A /* Frameworks */,
				B8BD7E3E29203A27007C748A /* Resources */,
			);
			buildRules = (
			);
			dependencies = (
			);
			name = BreakingUSNews;
			productName = BreakingUSNews;
			productReference = B8BD7E4029203A27007C748A /* BreakingUSNews.app */;
			productType = "com.apple.product-type.application";
		};
		B8BD7E5529203A29007C748A /* BreakingUSNewsTests */ = {
			isa = PBXNativeTarget;
			buildConfigurationList = B8BD7E6D29203A29007C748A /* Build configuration list for PBXNativeTarget "BreakingUSNewsTests" */;
			buildPhases = (
				B8BD7E5229203A29007C748A /* Sources */,
				B8BD7E5329203A29007C748A /* Frameworks */,
				B8BD7E5429203A29007C748A /* Resources */,
			);
			buildRules = (
			);
			dependencies = (
				B8BD7E5829203A29007C748A /* PBXTargetDependency */,
			);
			name = BreakingUSNewsTests;
			productName = BreakingUSNewsTests;
			productReference = B8BD7E5629203A29007C748A /* BreakingUSNewsTests.xctest */;
			productType = "com.apple.product-type.bundle.unit-test";
		};
		B8BD7E5F29203A29007C748A /* BreakingUSNewsUITests */ = {
			isa = PBXNativeTarget;
			buildConfigurationList = B8BD7E7029203A29007C748A /* Build configuration list for PBXNativeTarget "BreakingUSNewsUITests" */;
			buildPhases = (
				B8BD7E5C29203A29007C748A /* Sources */,
				B8BD7E5D29203A29007C748A /* Frameworks */,
				B8BD7E5E29203A29007C748A /* Resources */,
			);
			buildRules = (
			);
			dependencies = (
				B8BD7E6229203A29007C748A /* PBXTargetDependency */,
			);
			name = BreakingUSNewsUITests;
			productName = BreakingUSNewsUITests;
			productReference = B8BD7E6029203A29007C748A /* BreakingUSNewsUITests.xctest */;
			productType = "com.apple.product-type.bundle.ui-testing";
		};
/* End PBXNativeTarget section */

/* Begin PBXProject section */
		B8BD7E3829203A27007C748A /* Project object */ = {
			isa = PBXProject;
			attributes = {
				BuildIndependentTargetsInParallel = 1;
				LastSwiftUpdateCheck = 1400;
				LastUpgradeCheck = 1400;
				TargetAttributes = {
					B8BD7E3F29203A27007C748A = {
						CreatedOnToolsVersion = 14.0.1;
					};
					B8BD7E5529203A29007C748A = {
						CreatedOnToolsVersion = 14.0.1;
						TestTargetID = B8BD7E3F29203A27007C748A;
					};
					B8BD7E5F29203A29007C748A = {
						CreatedOnToolsVersion = 14.0.1;
						TestTargetID = B8BD7E3F29203A27007C748A;
					};
				};
			};
			buildConfigurationList = B8BD7E3B29203A27007C748A /* Build configuration list for PBXProject "BreakingUSNews" */;
			compatibilityVersion = "Xcode 14.0";
			developmentRegion = en;
			hasScannedForEncodings = 0;
			knownRegions = (
				en,
				Base,
			);
			mainGroup = B8BD7E3729203A27007C748A;
			productRefGroup = B8BD7E4129203A27007C748A /* Products */;
			projectDirPath = "";
			projectRoot = "";
			targets = (
				B8BD7E3F29203A27007C748A /* BreakingUSNews */,
				B8BD7E5529203A29007C748A /* BreakingUSNewsTests */,
				B8BD7E5F29203A29007C748A /* BreakingUSNewsUITests */,
			);
		};
/* End PBXProject section */

/* Begin PBXResourcesBuildPhase section */
		B8BD7E3E29203A27007C748A /* Resources */ = {
			isa = PBXResourcesBuildPhase;
			buildActionMask = 2147483647;
			files = (
				B8BD7E5029203A29007C748A /* LaunchScreen.storyboard in Resources */,
				B8BD7E4D29203A29007C748A /* Assets.xcassets in Resources */,
				B8BD7E4B29203A27007C748A /* Main.storyboard in Resources */,
			);
			runOnlyForDeploymentPostprocessing = 0;
		};
		B8BD7E5429203A29007C748A /* Resources */ = {
			isa = PBXResourcesBuildPhase;
			buildActionMask = 2147483647;
			files = (
			);
			runOnlyForDeploymentPostprocessing = 0;
		};
		B8BD7E5E29203A29007C748A /* Resources */ = {
			isa = PBXResourcesBuildPhase;
			buildActionMask = 2147483647;
			files = (
			);
			runOnlyForDeploymentPostprocessing = 0;
		};
/* End PBXResourcesBuildPhase section */

/* Begin PBXSourcesBuildPhase section */
		B8BD7E3C29203A27007C748A /* Sources */ = {
			isa = PBXSourcesBuildPhase;
			buildActionMask = 2147483647;
			files = (
				B8BD7E4829203A27007C748A /* ViewController.swift in Sources */,
				B8BD7E4429203A27007C748A /* AppDelegate.swift in Sources */,
				B8BD7E4629203A27007C748A /* SceneDelegate.swift in Sources */,
			);
			runOnlyForDeploymentPostprocessing = 0;
		};
		B8BD7E5229203A29007C748A /* Sources */ = {
			isa = PBXSourcesBuildPhase;
			buildActionMask = 2147483647;
			files = (
				B8BD7E5B29203A29007C748A /* BreakingUSNewsTests.swift in Sources */,
			);
			runOnlyForDeploymentPostprocessing = 0;
		};
		B8BD7E5C29203A29007C748A /* Sources */ = {
			isa = PBXSourcesBuildPhase;
			buildActionMask = 2147483647;
			files = (
				B8BD7E6729203A29007C748A /* BreakingUSNewsUITestsLaunchTests.swift in Sources */,
				B8BD7E6529203A29007C748A /* BreakingUSNewsUITests.swift in Sources */,
			);
			runOnlyForDeploymentPostprocessing = 0;
		};
/* End PBXSourcesBuildPhase section */

/* Begin PBXTargetDependency section */
		B8BD7E5829203A29007C748A /* PBXTargetDependency */ = {
			isa = PBXTargetDependency;
			target = B8BD7E3F29203A27007C748A /* BreakingUSNews */;
			targetProxy = B8BD7E5729203A29007C748A /* PBXContainerItemProxy */;
		};
		B8BD7E6229203A29007C748A /* PBXTargetDependency */ = {
			isa = PBXTargetDependency;
			target = B8BD7E3F29203A27007C748A /* BreakingUSNews */;
			targetProxy = B8BD7E6129203A29007C748A /* PBXContainerItemProxy */;
		};
/* End PBXTargetDependency section */

/* Begin PBXVariantGroup section */
		B8BD7E4929203A27007C748A /* Main.storyboard */ = {
			isa = PBXVariantGroup;
			children = (
				B8BD7E4A29203A27007C748A /* Base */,
			);
			name = Main.storyboard;
			sourceTree = "<group>";
		};
		B8BD7E4E29203A29007C748A /* LaunchScreen.storyboard */ = {
			isa = PBXVariantGroup;
			children = (
				B8BD7E4F29203A29007C748A /* Base */,
			);
			name = LaunchScreen.storyboard;
			sourceTree = "<group>";
		};
/* End PBXVariantGroup section */

/* Begin XCBuildConfiguration section */
		B8BD7E6829203A29007C748A /* Debug */ = {
			isa = XCBuildConfiguration;
			buildSettings = {
				ALWAYS_SEARCH_USER_PATHS = NO;
				CLANG_ANALYZER_NONNULL = YES;
				CLANG_ANALYZER_NUMBER_OBJECT_CONVERSION = YES_AGGRESSIVE;
				CLANG_CXX_LANGUAGE_STANDARD = "gnu++20";
				CLANG_ENABLE_MODULES = YES;
				CLANG_ENABLE_OBJC_ARC = YES;
				CLANG_ENABLE_OBJC_WEAK = YES;
				CLANG_WARN_BLOCK_CAPTURE_AUTORELEASING = YES;
				CLANG_WARN_BOOL_CONVERSION = YES;
				CLANG_WARN_COMMA = YES;
				CLANG_WARN_CONSTANT_CONVERSION = YES;
				CLANG_WARN_DEPRECATED_OBJC_IMPLEMENTATIONS = YES;
				CLANG_WARN_DIRECT_OBJC_ISA_USAGE = YES_ERROR;
				CLANG_WARN_DOCUMENTATION_COMMENTS = YES;
				CLANG_WARN_EMPTY_BODY = YES;
				CLANG_WARN_ENUM_CONVERSION = YES;
				CLANG_WARN_INFINITE_RECURSION = YES;
				CLANG_WARN_INT_CONVERSION = YES;
				CLANG_WARN_NON_LITERAL_NULL_CONVERSION = YES;
				CLANG_WARN_OBJC_IMPLICIT_RETAIN_SELF = YES;
				CLANG_WARN_OBJC_LITERAL_CONVERSION = YES;
				CLANG_WARN_OBJC_ROOT_CLASS = YES_ERROR;
				CLANG_WARN_QUOTED_INCLUDE_IN_FRAMEWORK_HEADER = YES;
				CLANG_WARN_RANGE_LOOP_ANALYSIS = YES;
				CLANG_WARN_STRICT_PROTOTYPES = YES;
				CLANG_WARN_SUSPICIOUS_MOVE = YES;
				CLANG_WARN_UNGUARDED_AVAILABILITY = YES_AGGRESSIVE;
				CLANG_WARN_UNREACHABLE_CODE = YES;
				CLANG_WARN__DUPLICATE_METHOD_MATCH = YES;
				COPY_PHASE_STRIP = NO;
				DEBUG_INFORMATION_FORMAT = dwarf;
				ENABLE_STRICT_OBJC_MSGSEND = YES;
				ENABLE_TESTABILITY = YES;
				GCC_C_LANGUAGE_STANDARD = gnu11;
				GCC_DYNAMIC_NO_PIC = NO;
				GCC_NO_COMMON_BLOCKS = YES;
				GCC_OPTIMIZATION_LEVEL = 0;
				GCC_PREPROCESSOR_DEFINITIONS = (
					"DEBUG=1",
					"$(inherited)",
				);
				GCC_WARN_64_TO_32_BIT_CONVERSION = YES;
				GCC_WARN_ABOUT_RETURN_TYPE = YES_ERROR;
				GCC_WARN_UNDECLARED_SELECTOR = YES;
				GCC_WARN_UNINITIALIZED_AUTOS = YES_AGGRESSIVE;
				GCC_WARN_UNUSED_FUNCTION = YES;
				GCC_WARN_UNUSED_VARIABLE = YES;
				IPHONEOS_DEPLOYMENT_TARGET = 16.0;
				MTL_ENABLE_DEBUG_INFO = INCLUDE_SOURCE;
				MTL_FAST_MATH = YES;
				ONLY_ACTIVE_ARCH = YES;
				SDKROOT = iphoneos;
				SWIFT_ACTIVE_COMPILATION_CONDITIONS = DEBUG;
				SWIFT_OPTIMIZATION_LEVEL = "-Onone";
			};
			name = Debug;
		};
		B8BD7E6929203A29007C748A /* Release */ = {
			isa = XCBuildConfiguration;
			buildSettings = {
				ALWAYS_SEARCH_USER_PATHS = NO;
				CLANG_ANALYZER_NONNULL = YES;
				CLANG_ANALYZER_NUMBER_OBJECT_CONVERSION = YES_AGGRESSIVE;
				CLANG_CXX_LANGUAGE_STANDARD = "gnu++20";
				CLANG_ENABLE_MODULES = YES;
				CLANG_ENABLE_OBJC_ARC = YES;
				CLANG_ENABLE_OBJC_WEAK = YES;
				CLANG_WARN_BLOCK_CAPTURE_AUTORELEASING = YES;
				CLANG_WARN_BOOL_CONVERSION = YES;
				CLANG_WARN_COMMA = YES;
				CLANG_WARN_CONSTANT_CONVERSION = YES;
				CLANG_WARN_DEPRECATED_OBJC_IMPLEMENTATIONS = YES;
				CLANG_WARN_DIRECT_OBJC_ISA_USAGE = YES_ERROR;
				CLANG_WARN_DOCUMENTATION_COMMENTS = YES;
				CLANG_WARN_EMPTY_BODY = YES;
				CLANG_WARN_ENUM_CONVERSION = YES;
				CLANG_WARN_INFINITE_RECURSION = YES;
				CLANG_WARN_INT_CONVERSION = YES;
				CLANG_WARN_NON_LITERAL_NULL_CONVERSION = YES;
				CLANG_WARN_OBJC_IMPLICIT_RETAIN_SELF = YES;
				CLANG_WARN_OBJC_LITERAL_CONVERSION = YES;
				CLANG_WARN_OBJC_ROOT_CLASS = YES_ERROR;
				CLANG_WARN_QUOTED_INCLUDE_IN_FRAMEWORK_HEADER = YES;
				CLANG_WARN_RANGE_LOOP_ANALYSIS = YES;
				CLANG_WARN_STRICT_PROTOTYPES = YES;
				CLANG_WARN_SUSPICIOUS_MOVE = YES;
				CLANG_WARN_UNGUARDED_AVAILABILITY = YES_AGGRESSIVE;
				CLANG_WARN_UNREACHABLE_CODE = YES;
				CLANG_WARN__DUPLICATE_METHOD_MATCH = YES;
				COPY_PHASE_STRIP = NO;
				DEBUG_INFORMATION_FORMAT = "dwarf-with-dsym";
				ENABLE_NS_ASSERTIONS = NO;
				ENABLE_STRICT_OBJC_MSGSEND = YES;
				GCC_C_LANGUAGE_STANDARD = gnu11;
				GCC_NO_COMMON_BLOCKS = YES;
				GCC_WARN_64_TO_32_BIT_CONVERSION = YES;
				GCC_WARN_ABOUT_RETURN_TYPE = YES_ERROR;
				GCC_WARN_UNDECLARED_SELECTOR = YES;
				GCC_WARN_UNINITIALIZED_AUTOS = YES_AGGRESSIVE;
				GCC_WARN_UNUSED_FUNCTION = YES;
				GCC_WARN_UNUSED_VARIABLE = YES;
				IPHONEOS_DEPLOYMENT_TARGET = 16.0;
				MTL_ENABLE_DEBUG_INFO = NO;
				MTL_FAST_MATH = YES;
				SDKROOT = iphoneos;
				SWIFT_COMPILATION_MODE = wholemodule;
				SWIFT_OPTIMIZATION_LEVEL = "-O";
				VALIDATE_PRODUCT = YES;
			};
			name = Release;
		};
		B8BD7E6B29203A29007C748A /* Debug */ = {
			isa = XCBuildConfiguration;
			buildSettings = {
				ASSETCATALOG_COMPILER_APPICON_NAME = AppIcon;
				ASSETCATALOG_COMPILER_GLOBAL_ACCENT_COLOR_NAME = AccentColor;
				CODE_SIGN_STYLE = Automatic;
				CURRENT_PROJECT_VERSION = 1;
				DEVELOPMENT_TEAM = B8D6D7FFGQ;
				GENERATE_INFOPLIST_FILE = YES;
				INFOPLIST_FILE = BreakingUSNews/Info.plist;
				INFOPLIST_KEY_UIApplicationSupportsIndirectInputEvents = YES;
				INFOPLIST_KEY_UILaunchStoryboardName = LaunchScreen;
				INFOPLIST_KEY_UIMainStoryboardFile = Main;
				INFOPLIST_KEY_UISupportedInterfaceOrientations_iPad = "UIInterfaceOrientationPortrait UIInterfaceOrientationPortraitUpsideDown UIInterfaceOrientationLandscapeLeft UIInterfaceOrientationLandscapeRight";
				INFOPLIST_KEY_UISupportedInterfaceOrientations_iPhone = "UIInterfaceOrientationPortrait UIInterfaceOrientationLandscapeLeft UIInterfaceOrientationLandscapeRight";
				LD_RUNPATH_SEARCH_PATHS = (
					"$(inherited)",
					"@executable_path/Frameworks",
				);
				MARKETING_VERSION = 1.0;
				PRODUCT_BUNDLE_IDENTIFIER = com.utkucetinkaya.BreakingUSNews;
				PRODUCT_NAME = "$(TARGET_NAME)";
				SWIFT_EMIT_LOC_STRINGS = YES;
				SWIFT_VERSION = 5.0;
				TARGETED_DEVICE_FAMILY = "1,2";
			};
			name = Debug;
		};
		B8BD7E6C29203A29007C748A /* Release */ = {
			isa = XCBuildConfiguration;
			buildSettings = {
				ASSETCATALOG_COMPILER_APPICON_NAME = AppIcon;
				ASSETCATALOG_COMPILER_GLOBAL_ACCENT_COLOR_NAME = AccentColor;
				CODE_SIGN_STYLE = Automatic;
				CURRENT_PROJECT_VERSION = 1;
				DEVELOPMENT_TEAM = B8D6D7FFGQ;
				GENERATE_INFOPLIST_FILE = YES;
				INFOPLIST_FILE = BreakingUSNews/Info.plist;
				INFOPLIST_KEY_UIApplicationSupportsIndirectInputEvents = YES;
				INFOPLIST_KEY_UILaunchStoryboardName = LaunchScreen;
				INFOPLIST_KEY_UIMainStoryboardFile = Main;
				INFOPLIST_KEY_UISupportedInterfaceOrientations_iPad = "UIInterfaceOrientationPortrait UIInterfaceOrientationPortraitUpsideDown UIInterfaceOrientationLandscapeLeft UIInterfaceOrientationLandscapeRight";
				INFOPLIST_KEY_UISupportedInterfaceOrientations_iPhone = "UIInterfaceOrientationPortrait UIInterfaceOrientationLandscapeLeft UIInterfaceOrientationLandscapeRight";
				LD_RUNPATH_SEARCH_PATHS = (
					"$(inherited)",
					"@executable_path/Frameworks",
				);
				MARKETING_VERSION = 1.0;
				PRODUCT_BUNDLE_IDENTIFIER = com.utkucetinkaya.BreakingUSNews;
				PRODUCT_NAME = "$(TARGET_NAME)";
				SWIFT_EMIT_LOC_STRINGS = YES;
				SWIFT_VERSION = 5.0;
				TARGETED_DEVICE_FAMILY = "1,2";
			};
			name = Release;
		};
		B8BD7E6E29203A29007C748A /* Debug */ = {
			isa = XCBuildConfiguration;
			buildSettings = {
				ALWAYS_EMBED_SWIFT_STANDARD_LIBRARIES = YES;
				BUNDLE_LOADER = "$(TEST_HOST)";
				CODE_SIGN_STYLE = Automatic;
				CURRENT_PROJECT_VERSION = 1;
				DEVELOPMENT_TEAM = B8D6D7FFGQ;
				GENERATE_INFOPLIST_FILE = YES;
				IPHONEOS_DEPLOYMENT_TARGET = 16.0;
				MARKETING_VERSION = 1.0;
				PRODUCT_BUNDLE_IDENTIFIER = com.utkucetinkaya.BreakingUSNewsTests;
				PRODUCT_NAME = "$(TARGET_NAME)";
				SWIFT_EMIT_LOC_STRINGS = NO;
				SWIFT_VERSION = 5.0;
				TARGETED_DEVICE_FAMILY = "1,2";
				TEST_HOST = "$(BUILT_PRODUCTS_DIR)/BreakingUSNews.app/$(BUNDLE_EXECUTABLE_FOLDER_PATH)/BreakingUSNews";
			};
			name = Debug;
		};
		B8BD7E6F29203A29007C748A /* Release */ = {
			isa = XCBuildConfiguration;
			buildSettings = {
				ALWAYS_EMBED_SWIFT_STANDARD_LIBRARIES = YES;
				BUNDLE_LOADER = "$(TEST_HOST)";
				CODE_SIGN_STYLE = Automatic;
				CURRENT_PROJECT_VERSION = 1;
				DEVELOPMENT_TEAM = B8D6D7FFGQ;
				GENERATE_INFOPLIST_FILE = YES;
				IPHONEOS_DEPLOYMENT_TARGET = 16.0;
				MARKETING_VERSION = 1.0;
				PRODUCT_BUNDLE_IDENTIFIER = com.utkucetinkaya.BreakingUSNewsTests;
				PRODUCT_NAME = "$(TARGET_NAME)";
				SWIFT_EMIT_LOC_STRINGS = NO;
				SWIFT_VERSION = 5.0;
				TARGETED_DEVICE_FAMILY = "1,2";
				TEST_HOST = "$(BUILT_PRODUCTS_DIR)/BreakingUSNews.app/$(BUNDLE_EXECUTABLE_FOLDER_PATH)/BreakingUSNews";
			};
			name = Release;
		};
		B8BD7E7129203A29007C748A /* Debug */ = {
			isa = XCBuildConfiguration;
			buildSettings = {
				ALWAYS_EMBED_SWIFT_STANDARD_LIBRARIES = YES;
				CODE_SIGN_STYLE = Automatic;
				CURRENT_PROJECT_VERSION = 1;
				DEVELOPMENT_TEAM = B8D6D7FFGQ;
				GENERATE_INFOPLIST_FILE = YES;
				MARKETING_VERSION = 1.0;
				PRODUCT_BUNDLE_IDENTIFIER = com.utkucetinkaya.BreakingUSNewsUITests;
				PRODUCT_NAME = "$(TARGET_NAME)";
				SWIFT_EMIT_LOC_STRINGS = NO;
				SWIFT_VERSION = 5.0;
				TARGETED_DEVICE_FAMILY = "1,2";
				TEST_TARGET_NAME = BreakingUSNews;
			};
			name = Debug;
		};
		B8BD7E7229203A29007C748A /* Release */ = {
			isa = XCBuildConfiguration;
			buildSettings = {
				ALWAYS_EMBED_SWIFT_STANDARD_LIBRARIES = YES;
				CODE_SIGN_STYLE = Automatic;
				CURRENT_PROJECT_VERSION = 1;
				DEVELOPMENT_TEAM = B8D6D7FFGQ;
				GENERATE_INFOPLIST_FILE = YES;
				MARKETING_VERSION = 1.0;
				PRODUCT_BUNDLE_IDENTIFIER = com.utkucetinkaya.BreakingUSNewsUITests;
				PRODUCT_NAME = "$(TARGET_NAME)";
				SWIFT_EMIT_LOC_STRINGS = NO;
				SWIFT_VERSION = 5.0;
				TARGETED_DEVICE_FAMILY = "1,2";
				TEST_TARGET_NAME = BreakingUSNews;
			};
			name = Release;
		};
/* End XCBuildConfiguration section */

/* Begin XCConfigurationList section */
		B8BD7E3B29203A27007C748A /* Build configuration list for PBXProject "BreakingUSNews" */ = {
			isa = XCConfigurationList;
			buildConfigurations = (
				B8BD7E6829203A29007C748A /* Debug */,
				B8BD7E6929203A29007C748A /* Release */,
			);
			defaultConfigurationIsVisible = 0;
			defaultConfigurationName = Release;
		};
		B8BD7E6A29203A29007C748A /* Build configuration list for PBXNativeTarget "BreakingUSNews" */ = {
			isa = XCConfigurationList;
			buildConfigurations = (
				B8BD7E6B29203A29007C748A /* Debug */,
				B8BD7E6C29203A29007C748A /* Release */,
			);
			defaultConfigurationIsVisible = 0;
			defaultConfigurationName = Release;
		};
		B8BD7E6D29203A29007C748A /* Build configuration list for PBXNativeTarget "BreakingUSNewsTests" */ = {
			isa = XCConfigurationList;
			buildConfigurations = (
				B8BD7E6E29203A29007C748A /* Debug */,
				B8BD7E6F29203A29007C748A /* Release */,
			);
			defaultConfigurationIsVisible = 0;
			defaultConfigurationName = Release;
		};
		B8BD7E7029203A29007C748A /* Build configuration list for PBXNativeTarget "BreakingUSNewsUITests" */ = {
			isa = XCConfigurationList;
			buildConfigurations = (
				B8BD7E7129203A29007C748A /* Debug */,
				B8BD7E7229203A29007C748A /* Release */,
			);
			defaultConfigurationIsVisible = 0;
			defaultConfigurationName = Release;
		};
/* End XCConfigurationList section */
	};
	rootObject = B8BD7E3829203A27007C748A /* Project object */;
}
