// !$*UTF8*$!
{
	archiveVersion = 1;
	classes = {
	};
	objectVersion = 56;
	objects = {

/* Begin PBXBuildFile section */
		2E2EF6B1968DCBF0F7FF90E4 /* Pods_BreakingUSNews_BreakingUSNewsUITests.framework in Frameworks */ = {isa = PBXBuildFile; fileRef = CA2BE6530B0262E94C621346 /* Pods_BreakingUSNews_BreakingUSNewsUITests.framework */; };
		2F82A7307D6F5DDD2FEDF9AD /* Pods_BreakingUSNews.framework in Frameworks */ = {isa = PBXBuildFile; fileRef = AFB4BBF7C2E7CD5EBD79B1AC /* Pods_BreakingUSNews.framework */; };
		399D4098A4609C17A5426C95 /* Pods_BreakingUSNewsTests.framework in Frameworks */ = {isa = PBXBuildFile; fileRef = 924DDD6283D6C8513BF6FC14 /* Pods_BreakingUSNewsTests.framework */; };
		B802D2F42922EE2100D88150 /* NewsCell.swift in Sources */ = {isa = PBXBuildFile; fileRef = B802D2F22922EE2100D88150 /* NewsCell.swift */; };
		B802D2F52922EE2100D88150 /* NewsCell.xib in Resources */ = {isa = PBXBuildFile; fileRef = B802D2F32922EE2100D88150 /* NewsCell.xib */; };
		B80E8CD22930DB9E000E1ACD /* FavoriteModel.xcdatamodeld in Sources */ = {isa = PBXBuildFile; fileRef = B80E8CD02930DB9E000E1ACD /* FavoriteModel.xcdatamodeld */; };
		B815BA6F294B8DCC00536615 /* NewsList.storyboard in Resources */ = {isa = PBXBuildFile; fileRef = B815BA6E294B8DCC00536615 /* NewsList.storyboard */; };
		B8240F6A2951C233007AFBC4 /* ZFRippleButton.swift in Sources */ = {isa = PBXBuildFile; fileRef = B8240F692951C233007AFBC4 /* ZFRippleButton.swift */; };
		B82A5C16292584D300D903F6 /* DateExtensions.swift in Sources */ = {isa = PBXBuildFile; fileRef = B82A5C15292584D300D903F6 /* DateExtensions.swift */; };
		B82A5C2829262DAA00D903F6 /* NewsDetail.storyboard in Resources */ = {isa = PBXBuildFile; fileRef = B82A5C2729262DAA00D903F6 /* NewsDetail.storyboard */; };
		B82A5C2F29262DC300D903F6 /* NewsDetailPresenter.swift in Sources */ = {isa = PBXBuildFile; fileRef = B82A5C2929262DC300D903F6 /* NewsDetailPresenter.swift */; };
		B82A5C3029262DC300D903F6 /* NewsDetailWorker.swift in Sources */ = {isa = PBXBuildFile; fileRef = B82A5C2A29262DC300D903F6 /* NewsDetailWorker.swift */; };
		B82A5C3129262DC300D903F6 /* NewsDetailRouter.swift in Sources */ = {isa = PBXBuildFile; fileRef = B82A5C2B29262DC300D903F6 /* NewsDetailRouter.swift */; };
		B82A5C3229262DC300D903F6 /* NewsDetailModels.swift in Sources */ = {isa = PBXBuildFile; fileRef = B82A5C2C29262DC300D903F6 /* NewsDetailModels.swift */; };
		B82A5C3329262DC300D903F6 /* NewsDetailViewController.swift in Sources */ = {isa = PBXBuildFile; fileRef = B82A5C2D29262DC300D903F6 /* NewsDetailViewController.swift */; };
		B82A5C3429262DC300D903F6 /* NewsDetailInteractor.swift in Sources */ = {isa = PBXBuildFile; fileRef = B82A5C2E29262DC300D903F6 /* NewsDetailInteractor.swift */; };
		B8328CF4292D8830007EB403 /* FavoriteList.storyboard in Resources */ = {isa = PBXBuildFile; fileRef = B8328CF3292D8830007EB403 /* FavoriteList.storyboard */; };
		B8328CFB292D886F007EB403 /* NewsFavoriteListPresenter.swift in Sources */ = {isa = PBXBuildFile; fileRef = B8328CF5292D886F007EB403 /* NewsFavoriteListPresenter.swift */; };
		B8328CFC292D886F007EB403 /* NewsFavoriteListWorker.swift in Sources */ = {isa = PBXBuildFile; fileRef = B8328CF6292D886F007EB403 /* NewsFavoriteListWorker.swift */; };
		B8328CFD292D886F007EB403 /* NewsFavoriteListRouter.swift in Sources */ = {isa = PBXBuildFile; fileRef = B8328CF7292D886F007EB403 /* NewsFavoriteListRouter.swift */; };
		B8328CFE292D886F007EB403 /* NewsFavoriteListModels.swift in Sources */ = {isa = PBXBuildFile; fileRef = B8328CF8292D886F007EB403 /* NewsFavoriteListModels.swift */; };
		B8328CFF292D886F007EB403 /* NewsFavoriteListViewController.swift in Sources */ = {isa = PBXBuildFile; fileRef = B8328CF9292D886F007EB403 /* NewsFavoriteListViewController.swift */; };
		B8328D00292D886F007EB403 /* NewsFavoriteListInteractor.swift in Sources */ = {isa = PBXBuildFile; fileRef = B8328CFA292D886F007EB403 /* NewsFavoriteListInteractor.swift */; };
		B84B1DD829276F6200FCEC51 /* WebViewController.swift in Sources */ = {isa = PBXBuildFile; fileRef = B84B1DD729276F6200FCEC51 /* WebViewController.swift */; };
		B84FBB8A293FE98E004AFEEB /* GoogleService-Info.plist in Resources */ = {isa = PBXBuildFile; fileRef = B84FBB89293FE98E004AFEEB /* GoogleService-Info.plist */; };
		B850A59329480DE500981BC4 /* PresentationController.swift in Sources */ = {isa = PBXBuildFile; fileRef = B850A59229480DE500981BC4 /* PresentationController.swift */; };
		B850A59529480EAA00981BC4 /* OverlayView.xib in Resources */ = {isa = PBXBuildFile; fileRef = B850A59429480EAA00981BC4 /* OverlayView.xib */; };
		B850A5972948146000981BC4 /* OverlayView.swift in Sources */ = {isa = PBXBuildFile; fileRef = B850A5962948146000981BC4 /* OverlayView.swift */; };
		B876EA1C29252DA100F60C3C /* NewsVC+TableView.swift in Sources */ = {isa = PBXBuildFile; fileRef = B876EA1B29252DA100F60C3C /* NewsVC+TableView.swift */; };
		B876EA1F292532A100F60C3C /* UIViewExtensions.swift in Sources */ = {isa = PBXBuildFile; fileRef = B876EA1E292532A100F60C3C /* UIViewExtensions.swift */; };
		B87B119529431A7F001146C8 /* Style.swift in Sources */ = {isa = PBXBuildFile; fileRef = B87B119429431A7F001146C8 /* Style.swift */; };
		B8AFA47F2930CE52009A422D /* CoreDataManager.swift in Sources */ = {isa = PBXBuildFile; fileRef = B8AFA47E2930CE52009A422D /* CoreDataManager.swift */; };
		B8BD7E4429203A27007C748A /* AppDelegate.swift in Sources */ = {isa = PBXBuildFile; fileRef = B8BD7E4329203A27007C748A /* AppDelegate.swift */; };
		B8BD7E4D29203A29007C748A /* Assets.xcassets in Resources */ = {isa = PBXBuildFile; fileRef = B8BD7E4C29203A29007C748A /* Assets.xcassets */; };
		B8BD7E5029203A29007C748A /* LaunchScreen.storyboard in Resources */ = {isa = PBXBuildFile; fileRef = B8BD7E4E29203A29007C748A /* LaunchScreen.storyboard */; };
		B8BD7E5B29203A29007C748A /* BreakingUSNewsTests.swift in Sources */ = {isa = PBXBuildFile; fileRef = B8BD7E5A29203A29007C748A /* BreakingUSNewsTests.swift */; };
		B8BD7E6529203A29007C748A /* BreakingUSNewsUITests.swift in Sources */ = {isa = PBXBuildFile; fileRef = B8BD7E6429203A29007C748A /* BreakingUSNewsUITests.swift */; };
		B8BD7E6729203A29007C748A /* BreakingUSNewsUITestsLaunchTests.swift in Sources */ = {isa = PBXBuildFile; fileRef = B8BD7E6629203A29007C748A /* BreakingUSNewsUITestsLaunchTests.swift */; };
		B8BD7E7B29203E46007C748A /* NewsListPresenter.swift in Sources */ = {isa = PBXBuildFile; fileRef = B8BD7E7529203E46007C748A /* NewsListPresenter.swift */; };
		B8BD7E7C29203E46007C748A /* NewsListWorker.swift in Sources */ = {isa = PBXBuildFile; fileRef = B8BD7E7629203E46007C748A /* NewsListWorker.swift */; };
		B8BD7E7D29203E46007C748A /* NewsListRouter.swift in Sources */ = {isa = PBXBuildFile; fileRef = B8BD7E7729203E46007C748A /* NewsListRouter.swift */; };
		B8BD7E7E29203E46007C748A /* NewsListModels.swift in Sources */ = {isa = PBXBuildFile; fileRef = B8BD7E7829203E46007C748A /* NewsListModels.swift */; };
		B8BD7E8029203E46007C748A /* NewsListInteractor.swift in Sources */ = {isa = PBXBuildFile; fileRef = B8BD7E7A29203E46007C748A /* NewsListInteractor.swift */; };
		B8BD7E8329204089007C748A /* NewsListViewController.swift in Sources */ = {isa = PBXBuildFile; fileRef = B8BD7E8129204089007C748A /* NewsListViewController.swift */; };
		B8C0B1AF29467FC90071A3B1 /* SplashVC.swift in Sources */ = {isa = PBXBuildFile; fileRef = B8C0B1AD29467FC90071A3B1 /* SplashVC.swift */; };
		B8C0B1B029467FC90071A3B1 /* SplashVC.xib in Resources */ = {isa = PBXBuildFile; fileRef = B8C0B1AE29467FC90071A3B1 /* SplashVC.xib */; };
		B8DB9F87292107E8008C895A /* NewsModel.swift in Sources */ = {isa = PBXBuildFile; fileRef = B8DB9F86292107E8008C895A /* NewsModel.swift */; };
		B8DB9F8929212282008C895A /* Requester.swift in Sources */ = {isa = PBXBuildFile; fileRef = B8DB9F8829212282008C895A /* Requester.swift */; };
		B8E0B8BD294BB9EE004672F4 /* FavoriteDetailPresenter.swift in Sources */ = {isa = PBXBuildFile; fileRef = B8E0B8B7294BB9EE004672F4 /* FavoriteDetailPresenter.swift */; };
		B8E0B8BE294BB9EE004672F4 /* FavoriteDetailWorker.swift in Sources */ = {isa = PBXBuildFile; fileRef = B8E0B8B8294BB9EE004672F4 /* FavoriteDetailWorker.swift */; };
		B8E0B8BF294BB9EE004672F4 /* FavoriteDetailRouter.swift in Sources */ = {isa = PBXBuildFile; fileRef = B8E0B8B9294BB9EE004672F4 /* FavoriteDetailRouter.swift */; };
		B8E0B8C0294BB9EE004672F4 /* FavoriteDetailModels.swift in Sources */ = {isa = PBXBuildFile; fileRef = B8E0B8BA294BB9EE004672F4 /* FavoriteDetailModels.swift */; };
		B8E0B8C1294BB9EE004672F4 /* FavoriteDetailViewController.swift in Sources */ = {isa = PBXBuildFile; fileRef = B8E0B8BB294BB9EE004672F4 /* FavoriteDetailViewController.swift */; };
		B8E0B8C2294BB9EE004672F4 /* FavoriteDetailInteractor.swift in Sources */ = {isa = PBXBuildFile; fileRef = B8E0B8BC294BB9EE004672F4 /* FavoriteDetailInteractor.swift */; };
		B8E0B8C4294BBA09004672F4 /* FavoriteDetail.storyboard in Resources */ = {isa = PBXBuildFile; fileRef = B8E0B8C3294BBA09004672F4 /* FavoriteDetail.storyboard */; };
		B8E9BC51293A32A400807469 /* FavoriteCell.swift in Sources */ = {isa = PBXBuildFile; fileRef = B8E9BC4F293A32A400807469 /* FavoriteCell.swift */; };
		B8E9BC52293A32A400807469 /* FavoriteCell.xib in Resources */ = {isa = PBXBuildFile; fileRef = B8E9BC50293A32A400807469 /* FavoriteCell.xib */; };
		B8E9BC58293A3D4500807469 /* FavoriteVC+TableView.swift in Sources */ = {isa = PBXBuildFile; fileRef = B8E9BC57293A3D4500807469 /* FavoriteVC+TableView.swift */; };
/* End PBXBuildFile section */

/* Begin PBXContainerItemProxy section */
		B8BD7E5729203A29007C748A /* PBXContainerItemProxy */ = {
			isa = PBXContainerItemProxy;
			containerPortal = B8BD7E3829203A27007C748A /* Project object */;
			proxyType = 1;
			remoteGlobalIDString = B8BD7E3F29203A27007C748A;
			remoteInfo = BreakingUSNews;
		};
		B8BD7E6129203A29007C748A /* PBXContainerItemProxy */ = {
			isa = PBXContainerItemProxy;
			containerPortal = B8BD7E3829203A27007C748A /* Project object */;
			proxyType = 1;
			remoteGlobalIDString = B8BD7E3F29203A27007C748A;
			remoteInfo = BreakingUSNews;
		};
/* End PBXContainerItemProxy section */

/* Begin PBXFileReference section */
		3BEE256D08C4B5FCF0746632 /* Pods-BreakingUSNewsTests.release.xcconfig */ = {isa = PBXFileReference; includeInIndex = 1; lastKnownFileType = text.xcconfig; name = "Pods-BreakingUSNewsTests.release.xcconfig"; path = "Target Support Files/Pods-BreakingUSNewsTests/Pods-BreakingUSNewsTests.release.xcconfig"; sourceTree = "<group>"; };
		548CFEAF447FE6BBB4F22469 /* Pods-BreakingUSNews.release.xcconfig */ = {isa = PBXFileReference; includeInIndex = 1; lastKnownFileType = text.xcconfig; name = "Pods-BreakingUSNews.release.xcconfig"; path = "Target Support Files/Pods-BreakingUSNews/Pods-BreakingUSNews.release.xcconfig"; sourceTree = "<group>"; };
		59B1C5795E63ADE6C30A38B4 /* Pods-BreakingUSNews-BreakingUSNewsUITests.release.xcconfig */ = {isa = PBXFileReference; includeInIndex = 1; lastKnownFileType = text.xcconfig; name = "Pods-BreakingUSNews-BreakingUSNewsUITests.release.xcconfig"; path = "Target Support Files/Pods-BreakingUSNews-BreakingUSNewsUITests/Pods-BreakingUSNews-BreakingUSNewsUITests.release.xcconfig"; sourceTree = "<group>"; };
		924DDD6283D6C8513BF6FC14 /* Pods_BreakingUSNewsTests.framework */ = {isa = PBXFileReference; explicitFileType = wrapper.framework; includeInIndex = 0; path = Pods_BreakingUSNewsTests.framework; sourceTree = BUILT_PRODUCTS_DIR; };
		AF1E91279644CCA748BC4A63 /* Pods-BreakingUSNews-BreakingUSNewsUITests.debug.xcconfig */ = {isa = PBXFileReference; includeInIndex = 1; lastKnownFileType = text.xcconfig; name = "Pods-BreakingUSNews-BreakingUSNewsUITests.debug.xcconfig"; path = "Target Support Files/Pods-BreakingUSNews-BreakingUSNewsUITests/Pods-BreakingUSNews-BreakingUSNewsUITests.debug.xcconfig"; sourceTree = "<group>"; };
		AFB4BBF7C2E7CD5EBD79B1AC /* Pods_BreakingUSNews.framework */ = {isa = PBXFileReference; explicitFileType = wrapper.framework; includeInIndex = 0; path = Pods_BreakingUSNews.framework; sourceTree = BUILT_PRODUCTS_DIR; };
		B802D2F22922EE2100D88150 /* NewsCell.swift */ = {isa = PBXFileReference; lastKnownFileType = sourcecode.swift; path = NewsCell.swift; sourceTree = "<group>"; };
		B802D2F32922EE2100D88150 /* NewsCell.xib */ = {isa = PBXFileReference; lastKnownFileType = file.xib; path = NewsCell.xib; sourceTree = "<group>"; };
		B80E8CD12930DB9E000E1ACD /* FavoriteModel.xcdatamodel */ = {isa = PBXFileReference; lastKnownFileType = wrapper.xcdatamodel; path = FavoriteModel.xcdatamodel; sourceTree = "<group>"; };
		B815BA6E294B8DCC00536615 /* NewsList.storyboard */ = {isa = PBXFileReference; lastKnownFileType = file.storyboard; path = NewsList.storyboard; sourceTree = "<group>"; };
		B8240F692951C233007AFBC4 /* ZFRippleButton.swift */ = {isa = PBXFileReference; lastKnownFileType = sourcecode.swift; path = ZFRippleButton.swift; sourceTree = "<group>"; };
		B82A5C15292584D300D903F6 /* DateExtensions.swift */ = {isa = PBXFileReference; lastKnownFileType = sourcecode.swift; path = DateExtensions.swift; sourceTree = "<group>"; };
		B82A5C2729262DAA00D903F6 /* NewsDetail.storyboard */ = {isa = PBXFileReference; lastKnownFileType = file.storyboard; path = NewsDetail.storyboard; sourceTree = "<group>"; };
		B82A5C2929262DC300D903F6 /* NewsDetailPresenter.swift */ = {isa = PBXFileReference; lastKnownFileType = sourcecode.swift; path = NewsDetailPresenter.swift; sourceTree = "<group>"; };
		B82A5C2A29262DC300D903F6 /* NewsDetailWorker.swift */ = {isa = PBXFileReference; lastKnownFileType = sourcecode.swift; path = NewsDetailWorker.swift; sourceTree = "<group>"; };
		B82A5C2B29262DC300D903F6 /* NewsDetailRouter.swift */ = {isa = PBXFileReference; lastKnownFileType = sourcecode.swift; path = NewsDetailRouter.swift; sourceTree = "<group>"; };
		B82A5C2C29262DC300D903F6 /* NewsDetailModels.swift */ = {isa = PBXFileReference; lastKnownFileType = sourcecode.swift; path = NewsDetailModels.swift; sourceTree = "<group>"; };
		B82A5C2D29262DC300D903F6 /* NewsDetailViewController.swift */ = {isa = PBXFileReference; lastKnownFileType = sourcecode.swift; path = NewsDetailViewController.swift; sourceTree = "<group>"; };
		B82A5C2E29262DC300D903F6 /* NewsDetailInteractor.swift */ = {isa = PBXFileReference; lastKnownFileType = sourcecode.swift; path = NewsDetailInteractor.swift; sourceTree = "<group>"; };
		B8328CF3292D8830007EB403 /* FavoriteList.storyboard */ = {isa = PBXFileReference; lastKnownFileType = file.storyboard; path = FavoriteList.storyboard; sourceTree = "<group>"; };
		B8328CF5292D886F007EB403 /* NewsFavoriteListPresenter.swift */ = {isa = PBXFileReference; lastKnownFileType = sourcecode.swift; path = NewsFavoriteListPresenter.swift; sourceTree = "<group>"; };
		B8328CF6292D886F007EB403 /* NewsFavoriteListWorker.swift */ = {isa = PBXFileReference; lastKnownFileType = sourcecode.swift; path = NewsFavoriteListWorker.swift; sourceTree = "<group>"; };
		B8328CF7292D886F007EB403 /* NewsFavoriteListRouter.swift */ = {isa = PBXFileReference; lastKnownFileType = sourcecode.swift; path = NewsFavoriteListRouter.swift; sourceTree = "<group>"; };
		B8328CF8292D886F007EB403 /* NewsFavoriteListModels.swift */ = {isa = PBXFileReference; lastKnownFileType = sourcecode.swift; path = NewsFavoriteListModels.swift; sourceTree = "<group>"; };
		B8328CF9292D886F007EB403 /* NewsFavoriteListViewController.swift */ = {isa = PBXFileReference; lastKnownFileType = sourcecode.swift; path = NewsFavoriteListViewController.swift; sourceTree = "<group>"; };
		B8328CFA292D886F007EB403 /* NewsFavoriteListInteractor.swift */ = {isa = PBXFileReference; lastKnownFileType = sourcecode.swift; path = NewsFavoriteListInteractor.swift; sourceTree = "<group>"; };
		B84B1DD729276F6200FCEC51 /* WebViewController.swift */ = {isa = PBXFileReference; lastKnownFileType = sourcecode.swift; path = WebViewController.swift; sourceTree = "<group>"; };
		B84FBB89293FE98E004AFEEB /* GoogleService-Info.plist */ = {isa = PBXFileReference; fileEncoding = 4; lastKnownFileType = text.plist.xml; path = "GoogleService-Info.plist"; sourceTree = "<group>"; };
		B850A59229480DE500981BC4 /* PresentationController.swift */ = {isa = PBXFileReference; lastKnownFileType = sourcecode.swift; path = PresentationController.swift; sourceTree = "<group>"; };
		B850A59429480EAA00981BC4 /* OverlayView.xib */ = {isa = PBXFileReference; lastKnownFileType = file.xib; path = OverlayView.xib; sourceTree = "<group>"; };
		B850A5962948146000981BC4 /* OverlayView.swift */ = {isa = PBXFileReference; lastKnownFileType = sourcecode.swift; path = OverlayView.swift; sourceTree = "<group>"; };
		B876EA1B29252DA100F60C3C /* NewsVC+TableView.swift */ = {isa = PBXFileReference; lastKnownFileType = sourcecode.swift; path = "NewsVC+TableView.swift"; sourceTree = "<group>"; };
		B876EA1E292532A100F60C3C /* UIViewExtensions.swift */ = {isa = PBXFileReference; lastKnownFileType = sourcecode.swift; path = UIViewExtensions.swift; sourceTree = "<group>"; };
		B876EA2029254C9600F60C3C /* libswiftWebKit.tbd */ = {isa = PBXFileReference; lastKnownFileType = "sourcecode.text-based-dylib-definition"; name = libswiftWebKit.tbd; path = usr/lib/swift/libswiftWebKit.tbd; sourceTree = SDKROOT; };
		B87B119429431A7F001146C8 /* Style.swift */ = {isa = PBXFileReference; lastKnownFileType = sourcecode.swift; path = Style.swift; sourceTree = "<group>"; };
		B8AFA47E2930CE52009A422D /* CoreDataManager.swift */ = {isa = PBXFileReference; lastKnownFileType = sourcecode.swift; path = CoreDataManager.swift; sourceTree = "<group>"; };
		B8BD7E4029203A27007C748A /* BreakingUSNews.app */ = {isa = PBXFileReference; explicitFileType = wrapper.application; includeInIndex = 0; path = BreakingUSNews.app; sourceTree = BUILT_PRODUCTS_DIR; };
		B8BD7E4329203A27007C748A /* AppDelegate.swift */ = {isa = PBXFileReference; lastKnownFileType = sourcecode.swift; path = AppDelegate.swift; sourceTree = "<group>"; };
		B8BD7E4C29203A29007C748A /* Assets.xcassets */ = {isa = PBXFileReference; lastKnownFileType = folder.assetcatalog; path = Assets.xcassets; sourceTree = "<group>"; };
		B8BD7E4F29203A29007C748A /* Base */ = {isa = PBXFileReference; lastKnownFileType = file.storyboard; name = Base; path = Base.lproj/LaunchScreen.storyboard; sourceTree = "<group>"; };
		B8BD7E5129203A29007C748A /* Info.plist */ = {isa = PBXFileReference; lastKnownFileType = text.plist.xml; path = Info.plist; sourceTree = "<group>"; };
		B8BD7E5629203A29007C748A /* BreakingUSNewsTests.xctest */ = {isa = PBXFileReference; explicitFileType = wrapper.cfbundle; includeInIndex = 0; path = BreakingUSNewsTests.xctest; sourceTree = BUILT_PRODUCTS_DIR; };
		B8BD7E5A29203A29007C748A /* BreakingUSNewsTests.swift */ = {isa = PBXFileReference; lastKnownFileType = sourcecode.swift; path = BreakingUSNewsTests.swift; sourceTree = "<group>"; };
		B8BD7E6029203A29007C748A /* BreakingUSNewsUITests.xctest */ = {isa = PBXFileReference; explicitFileType = wrapper.cfbundle; includeInIndex = 0; path = BreakingUSNewsUITests.xctest; sourceTree = BUILT_PRODUCTS_DIR; };
		B8BD7E6429203A29007C748A /* BreakingUSNewsUITests.swift */ = {isa = PBXFileReference; lastKnownFileType = sourcecode.swift; path = BreakingUSNewsUITests.swift; sourceTree = "<group>"; };
		B8BD7E6629203A29007C748A /* BreakingUSNewsUITestsLaunchTests.swift */ = {isa = PBXFileReference; lastKnownFileType = sourcecode.swift; path = BreakingUSNewsUITestsLaunchTests.swift; sourceTree = "<group>"; };
		B8BD7E7529203E46007C748A /* NewsListPresenter.swift */ = {isa = PBXFileReference; lastKnownFileType = sourcecode.swift; path = NewsListPresenter.swift; sourceTree = "<group>"; };
		B8BD7E7629203E46007C748A /* NewsListWorker.swift */ = {isa = PBXFileReference; lastKnownFileType = sourcecode.swift; path = NewsListWorker.swift; sourceTree = "<group>"; };
		B8BD7E7729203E46007C748A /* NewsListRouter.swift */ = {isa = PBXFileReference; lastKnownFileType = sourcecode.swift; path = NewsListRouter.swift; sourceTree = "<group>"; };
		B8BD7E7829203E46007C748A /* NewsListModels.swift */ = {isa = PBXFileReference; lastKnownFileType = sourcecode.swift; path = NewsListModels.swift; sourceTree = "<group>"; };
		B8BD7E7A29203E46007C748A /* NewsListInteractor.swift */ = {isa = PBXFileReference; lastKnownFileType = sourcecode.swift; path = NewsListInteractor.swift; sourceTree = "<group>"; };
		B8BD7E8129204089007C748A /* NewsListViewController.swift */ = {isa = PBXFileReference; lastKnownFileType = sourcecode.swift; path = NewsListViewController.swift; sourceTree = "<group>"; };
		B8C0B1AD29467FC90071A3B1 /* SplashVC.swift */ = {isa = PBXFileReference; lastKnownFileType = sourcecode.swift; path = SplashVC.swift; sourceTree = "<group>"; };
		B8C0B1AE29467FC90071A3B1 /* SplashVC.xib */ = {isa = PBXFileReference; lastKnownFileType = file.xib; path = SplashVC.xib; sourceTree = "<group>"; };
		B8DB9F86292107E8008C895A /* NewsModel.swift */ = {isa = PBXFileReference; lastKnownFileType = sourcecode.swift; path = NewsModel.swift; sourceTree = "<group>"; };
		B8DB9F8829212282008C895A /* Requester.swift */ = {isa = PBXFileReference; lastKnownFileType = sourcecode.swift; path = Requester.swift; sourceTree = "<group>"; };
		B8E0B8B7294BB9EE004672F4 /* FavoriteDetailPresenter.swift */ = {isa = PBXFileReference; lastKnownFileType = sourcecode.swift; path = FavoriteDetailPresenter.swift; sourceTree = "<group>"; };
		B8E0B8B8294BB9EE004672F4 /* FavoriteDetailWorker.swift */ = {isa = PBXFileReference; lastKnownFileType = sourcecode.swift; path = FavoriteDetailWorker.swift; sourceTree = "<group>"; };
		B8E0B8B9294BB9EE004672F4 /* FavoriteDetailRouter.swift */ = {isa = PBXFileReference; lastKnownFileType = sourcecode.swift; path = FavoriteDetailRouter.swift; sourceTree = "<group>"; };
		B8E0B8BA294BB9EE004672F4 /* FavoriteDetailModels.swift */ = {isa = PBXFileReference; lastKnownFileType = sourcecode.swift; path = FavoriteDetailModels.swift; sourceTree = "<group>"; };
		B8E0B8BB294BB9EE004672F4 /* FavoriteDetailViewController.swift */ = {isa = PBXFileReference; lastKnownFileType = sourcecode.swift; path = FavoriteDetailViewController.swift; sourceTree = "<group>"; };
		B8E0B8BC294BB9EE004672F4 /* FavoriteDetailInteractor.swift */ = {isa = PBXFileReference; lastKnownFileType = sourcecode.swift; path = FavoriteDetailInteractor.swift; sourceTree = "<group>"; };
		B8E0B8C3294BBA09004672F4 /* FavoriteDetail.storyboard */ = {isa = PBXFileReference; lastKnownFileType = file.storyboard; path = FavoriteDetail.storyboard; sourceTree = "<group>"; };
		B8E9BC4F293A32A400807469 /* FavoriteCell.swift */ = {isa = PBXFileReference; lastKnownFileType = sourcecode.swift; path = FavoriteCell.swift; sourceTree = "<group>"; };
		B8E9BC50293A32A400807469 /* FavoriteCell.xib */ = {isa = PBXFileReference; lastKnownFileType = file.xib; path = FavoriteCell.xib; sourceTree = "<group>"; };
		B8E9BC57293A3D4500807469 /* FavoriteVC+TableView.swift */ = {isa = PBXFileReference; lastKnownFileType = sourcecode.swift; path = "FavoriteVC+TableView.swift"; sourceTree = "<group>"; };
		CA07B05A5A5C3BE1CBBF60E3 /* Pods-BreakingUSNewsTests.debug.xcconfig */ = {isa = PBXFileReference; includeInIndex = 1; lastKnownFileType = text.xcconfig; name = "Pods-BreakingUSNewsTests.debug.xcconfig"; path = "Target Support Files/Pods-BreakingUSNewsTests/Pods-BreakingUSNewsTests.debug.xcconfig"; sourceTree = "<group>"; };
		CA2BE6530B0262E94C621346 /* Pods_BreakingUSNews_BreakingUSNewsUITests.framework */ = {isa = PBXFileReference; explicitFileType = wrapper.framework; includeInIndex = 0; path = Pods_BreakingUSNews_BreakingUSNewsUITests.framework; sourceTree = BUILT_PRODUCTS_DIR; };
		ED86D925AB5513E5DC98C90E /* Pods-BreakingUSNews.debug.xcconfig */ = {isa = PBXFileReference; includeInIndex = 1; lastKnownFileType = text.xcconfig; name = "Pods-BreakingUSNews.debug.xcconfig"; path = "Target Support Files/Pods-BreakingUSNews/Pods-BreakingUSNews.debug.xcconfig"; sourceTree = "<group>"; };
/* End PBXFileReference section */

/* Begin PBXFrameworksBuildPhase section */
		B8BD7E3D29203A27007C748A /* Frameworks */ = {
			isa = PBXFrameworksBuildPhase;
			buildActionMask = 2147483647;
			files = (
				2F82A7307D6F5DDD2FEDF9AD /* Pods_BreakingUSNews.framework in Frameworks */,
			);
			runOnlyForDeploymentPostprocessing = 0;
		};
		B8BD7E5329203A29007C748A /* Frameworks */ = {
			isa = PBXFrameworksBuildPhase;
			buildActionMask = 2147483647;
			files = (
				399D4098A4609C17A5426C95 /* Pods_BreakingUSNewsTests.framework in Frameworks */,
			);
			runOnlyForDeploymentPostprocessing = 0;
		};
		B8BD7E5D29203A29007C748A /* Frameworks */ = {
			isa = PBXFrameworksBuildPhase;
			buildActionMask = 2147483647;
			files = (
				2E2EF6B1968DCBF0F7FF90E4 /* Pods_BreakingUSNews_BreakingUSNewsUITests.framework in Frameworks */,
			);
			runOnlyForDeploymentPostprocessing = 0;
		};
/* End PBXFrameworksBuildPhase section */

/* Begin PBXGroup section */
		B800B81329224CBF00B8E97C /* NewsListCell */ = {
			isa = PBXGroup;
			children = (
				B802D2F22922EE2100D88150 /* NewsCell.swift */,
				B802D2F32922EE2100D88150 /* NewsCell.xib */,
			);
			path = NewsListCell;
			sourceTree = "<group>";
		};
		B800B81829227DA400B8E97C /* Style+Extensions */ = {
			isa = PBXGroup;
			children = (
				B876EA1E292532A100F60C3C /* UIViewExtensions.swift */,
				B82A5C15292584D300D903F6 /* DateExtensions.swift */,
				B87B119429431A7F001146C8 /* Style.swift */,
				B8240F692951C233007AFBC4 /* ZFRippleButton.swift */,
			);
			path = "Style+Extensions";
			sourceTree = "<group>";
		};
		B800B81B29227FD400B8E97C /* View */ = {
			isa = PBXGroup;
			children = (
				B800B81329224CBF00B8E97C /* NewsListCell */,
			);
			path = View;
			sourceTree = "<group>";
		};
		B82A5C172926161400D903F6 /* NewsDetail */ = {
			isa = PBXGroup;
			children = (
				B82A5C182926167300D903F6 /* Module */,
				B82A5C2729262DAA00D903F6 /* NewsDetail.storyboard */,
				B84B1DD729276F6200FCEC51 /* WebViewController.swift */,
			);
			path = NewsDetail;
			sourceTree = "<group>";
		};
		B82A5C182926167300D903F6 /* Module */ = {
			isa = PBXGroup;
			children = (
				B82A5C2929262DC300D903F6 /* NewsDetailPresenter.swift */,
				B82A5C2A29262DC300D903F6 /* NewsDetailWorker.swift */,
				B82A5C2B29262DC300D903F6 /* NewsDetailRouter.swift */,
				B82A5C2C29262DC300D903F6 /* NewsDetailModels.swift */,
				B82A5C2D29262DC300D903F6 /* NewsDetailViewController.swift */,
				B82A5C2E29262DC300D903F6 /* NewsDetailInteractor.swift */,
			);
			path = Module;
			sourceTree = "<group>";
		};
		B8328CEF292D872E007EB403 /* NewsFavoriteList */ = {
			isa = PBXGroup;
			children = (
				B8328D01292D8A00007EB403 /* View */,
				B8328CF2292D8796007EB403 /* Module */,
				B8328CF3292D8830007EB403 /* FavoriteList.storyboard */,
				B8E9BC57293A3D4500807469 /* FavoriteVC+TableView.swift */,
				B850A59229480DE500981BC4 /* PresentationController.swift */,
			);
			path = NewsFavoriteList;
			sourceTree = "<group>";
		};
		B8328CF2292D8796007EB403 /* Module */ = {
			isa = PBXGroup;
			children = (
				B8328CF5292D886F007EB403 /* NewsFavoriteListPresenter.swift */,
				B8328CF6292D886F007EB403 /* NewsFavoriteListWorker.swift */,
				B8328CF7292D886F007EB403 /* NewsFavoriteListRouter.swift */,
				B8328CF8292D886F007EB403 /* NewsFavoriteListModels.swift */,
				B8328CF9292D886F007EB403 /* NewsFavoriteListViewController.swift */,
				B8328CFA292D886F007EB403 /* NewsFavoriteListInteractor.swift */,
			);
			path = Module;
			sourceTree = "<group>";
		};
		B8328D01292D8A00007EB403 /* View */ = {
			isa = PBXGroup;
			children = (
				B850A598294A08B300981BC4 /* OverlayView */,
				B8328D02292D8A14007EB403 /* FavoritesCell */,
			);
			path = View;
			sourceTree = "<group>";
		};
		B8328D02292D8A14007EB403 /* FavoritesCell */ = {
			isa = PBXGroup;
			children = (
				B8E9BC4F293A32A400807469 /* FavoriteCell.swift */,
				B8E9BC50293A32A400807469 /* FavoriteCell.xib */,
			);
			path = FavoritesCell;
			sourceTree = "<group>";
		};
		B850A598294A08B300981BC4 /* OverlayView */ = {
			isa = PBXGroup;
			children = (
				B850A59429480EAA00981BC4 /* OverlayView.xib */,
				B850A5962948146000981BC4 /* OverlayView.swift */,
			);
			path = OverlayView;
			sourceTree = "<group>";
		};
		B876EA1D29252DB900F60C3C /* Module */ = {
			isa = PBXGroup;
			children = (
				B8BD7E7529203E46007C748A /* NewsListPresenter.swift */,
				B8BD7E7629203E46007C748A /* NewsListWorker.swift */,
				B8BD7E7729203E46007C748A /* NewsListRouter.swift */,
				B8BD7E7829203E46007C748A /* NewsListModels.swift */,
				B8BD7E7A29203E46007C748A /* NewsListInteractor.swift */,
				B8BD7E8129204089007C748A /* NewsListViewController.swift */,
			);
			path = Module;
			sourceTree = "<group>";
		};
		B8BD7E3729203A27007C748A = {
			isa = PBXGroup;
			children = (
				B8BD7E4229203A27007C748A /* BreakingUSNews */,
				B8BD7E5929203A29007C748A /* BreakingUSNewsTests */,
				B8BD7E6329203A29007C748A /* BreakingUSNewsUITests */,
				B8BD7E4129203A27007C748A /* Products */,
				D9361980E17D4392A3850667 /* Pods */,
				F3DF826DB3D070CB141B2A1F /* Frameworks */,
			);
			sourceTree = "<group>";
		};
		B8BD7E4129203A27007C748A /* Products */ = {
			isa = PBXGroup;
			children = (
				B8BD7E4029203A27007C748A /* BreakingUSNews.app */,
				B8BD7E5629203A29007C748A /* BreakingUSNewsTests.xctest */,
				B8BD7E6029203A29007C748A /* BreakingUSNewsUITests.xctest */,
			);
			name = Products;
			sourceTree = "<group>";
		};
		B8BD7E4229203A27007C748A /* BreakingUSNews */ = {
			isa = PBXGroup;
			children = (
				B800B81829227DA400B8E97C /* Style+Extensions */,
				B8DB9F85292107DC008C895A /* Request&ResponseModels */,
				B8DB9F75292054B4008C895A /* Network */,
				B8BD7E7429203E0A007C748A /* Scenes */,
				B8BD7E4329203A27007C748A /* AppDelegate.swift */,
				B8BD7E4C29203A29007C748A /* Assets.xcassets */,
				B8BD7E4E29203A29007C748A /* LaunchScreen.storyboard */,
				B8BD7E5129203A29007C748A /* Info.plist */,
				B80E8CD02930DB9E000E1ACD /* FavoriteModel.xcdatamodeld */,
				B84FBB89293FE98E004AFEEB /* GoogleService-Info.plist */,
			);
			path = BreakingUSNews;
			sourceTree = "<group>";
		};
		B8BD7E5929203A29007C748A /* BreakingUSNewsTests */ = {
			isa = PBXGroup;
			children = (
				B8BD7E5A29203A29007C748A /* BreakingUSNewsTests.swift */,
			);
			path = BreakingUSNewsTests;
			sourceTree = "<group>";
		};
		B8BD7E6329203A29007C748A /* BreakingUSNewsUITests */ = {
			isa = PBXGroup;
			children = (
				B8BD7E6429203A29007C748A /* BreakingUSNewsUITests.swift */,
				B8BD7E6629203A29007C748A /* BreakingUSNewsUITestsLaunchTests.swift */,
			);
			path = BreakingUSNewsUITests;
			sourceTree = "<group>";
		};
		B8BD7E7329203DE3007C748A /* NewsList */ = {
			isa = PBXGroup;
			children = (
				B800B81B29227FD400B8E97C /* View */,
				B876EA1D29252DB900F60C3C /* Module */,
				B876EA1B29252DA100F60C3C /* NewsVC+TableView.swift */,
				B815BA6E294B8DCC00536615 /* NewsList.storyboard */,
			);
			path = NewsList;
			sourceTree = "<group>";
		};
		B8BD7E7429203E0A007C748A /* Scenes */ = {
			isa = PBXGroup;
			children = (
				B8C0B1AC29467FAD0071A3B1 /* SplashVC */,
				B8BD7E7329203DE3007C748A /* NewsList */,
				B82A5C172926161400D903F6 /* NewsDetail */,
				B8328CEF292D872E007EB403 /* NewsFavoriteList */,
				B8E0B8B5294BB8D7004672F4 /* FavoriteDetail */,
			);
			path = Scenes;
			sourceTree = "<group>";
		};
		B8C0B1AC29467FAD0071A3B1 /* SplashVC */ = {
			isa = PBXGroup;
			children = (
				B8C0B1AD29467FC90071A3B1 /* SplashVC.swift */,
				B8C0B1AE29467FC90071A3B1 /* SplashVC.xib */,
			);
			path = SplashVC;
			sourceTree = "<group>";
		};
		B8DB9F75292054B4008C895A /* Network */ = {
			isa = PBXGroup;
			children = (
				B8DB9F8829212282008C895A /* Requester.swift */,
				B8AFA47E2930CE52009A422D /* CoreDataManager.swift */,
			);
			path = Network;
			sourceTree = "<group>";
		};
		B8DB9F85292107DC008C895A /* Request&ResponseModels */ = {
			isa = PBXGroup;
			children = (
				B8DB9F86292107E8008C895A /* NewsModel.swift */,
			);
			path = "Request&ResponseModels";
			sourceTree = "<group>";
		};
		B8E0B8B5294BB8D7004672F4 /* FavoriteDetail */ = {
			isa = PBXGroup;
			children = (
				B8E0B8B6294BB9BD004672F4 /* Module */,
				B8E0B8C3294BBA09004672F4 /* FavoriteDetail.storyboard */,
			);
			path = FavoriteDetail;
			sourceTree = "<group>";
		};
		B8E0B8B6294BB9BD004672F4 /* Module */ = {
			isa = PBXGroup;
			children = (
				B8E0B8B7294BB9EE004672F4 /* FavoriteDetailPresenter.swift */,
				B8E0B8B8294BB9EE004672F4 /* FavoriteDetailWorker.swift */,
				B8E0B8B9294BB9EE004672F4 /* FavoriteDetailRouter.swift */,
				B8E0B8BA294BB9EE004672F4 /* FavoriteDetailModels.swift */,
				B8E0B8BB294BB9EE004672F4 /* FavoriteDetailViewController.swift */,
				B8E0B8BC294BB9EE004672F4 /* FavoriteDetailInteractor.swift */,
			);
			path = Module;
			sourceTree = "<group>";
		};
		D9361980E17D4392A3850667 /* Pods */ = {
			isa = PBXGroup;
			children = (
				ED86D925AB5513E5DC98C90E /* Pods-BreakingUSNews.debug.xcconfig */,
				548CFEAF447FE6BBB4F22469 /* Pods-BreakingUSNews.release.xcconfig */,
				AF1E91279644CCA748BC4A63 /* Pods-BreakingUSNews-BreakingUSNewsUITests.debug.xcconfig */,
				59B1C5795E63ADE6C30A38B4 /* Pods-BreakingUSNews-BreakingUSNewsUITests.release.xcconfig */,
				CA07B05A5A5C3BE1CBBF60E3 /* Pods-BreakingUSNewsTests.debug.xcconfig */,
				3BEE256D08C4B5FCF0746632 /* Pods-BreakingUSNewsTests.release.xcconfig */,
			);
			path = Pods;
			sourceTree = "<group>";
		};
		F3DF826DB3D070CB141B2A1F /* Frameworks */ = {
			isa = PBXGroup;
			children = (
				B876EA2029254C9600F60C3C /* libswiftWebKit.tbd */,
				AFB4BBF7C2E7CD5EBD79B1AC /* Pods_BreakingUSNews.framework */,
				CA2BE6530B0262E94C621346 /* Pods_BreakingUSNews_BreakingUSNewsUITests.framework */,
				924DDD6283D6C8513BF6FC14 /* Pods_BreakingUSNewsTests.framework */,
			);
			name = Frameworks;
			sourceTree = "<group>";
		};
/* End PBXGroup section */

/* Begin PBXNativeTarget section */
		B8BD7E3F29203A27007C748A /* BreakingUSNews */ = {
			isa = PBXNativeTarget;
			buildConfigurationList = B8BD7E6A29203A29007C748A /* Build configuration list for PBXNativeTarget "BreakingUSNews" */;
			buildPhases = (
				13E116519D64E940B010581E /* [CP] Check Pods Manifest.lock */,
				B8BD7E3C29203A27007C748A /* Sources */,
				B8BD7E3D29203A27007C748A /* Frameworks */,
				B8BD7E3E29203A27007C748A /* Resources */,
				8D652C82BF86663DAA042DD4 /* [CP] Embed Pods Frameworks */,
			);
			buildRules = (
			);
			dependencies = (
			);
			name = BreakingUSNews;
			productName = BreakingUSNews;
			productReference = B8BD7E4029203A27007C748A /* BreakingUSNews.app */;
			productType = "com.apple.product-type.application";
		};
		B8BD7E5529203A29007C748A /* BreakingUSNewsTests */ = {
			isa = PBXNativeTarget;
			buildConfigurationList = B8BD7E6D29203A29007C748A /* Build configuration list for PBXNativeTarget "BreakingUSNewsTests" */;
			buildPhases = (
				485966C35F2DB5A0129B4A40 /* [CP] Check Pods Manifest.lock */,
				B8BD7E5229203A29007C748A /* Sources */,
				B8BD7E5329203A29007C748A /* Frameworks */,
				B8BD7E5429203A29007C748A /* Resources */,
			);
			buildRules = (
			);
			dependencies = (
				B8BD7E5829203A29007C748A /* PBXTargetDependency */,
			);
			name = BreakingUSNewsTests;
			productName = BreakingUSNewsTests;
			productReference = B8BD7E5629203A29007C748A /* BreakingUSNewsTests.xctest */;
			productType = "com.apple.product-type.bundle.unit-test";
		};
		B8BD7E5F29203A29007C748A /* BreakingUSNewsUITests */ = {
			isa = PBXNativeTarget;
			buildConfigurationList = B8BD7E7029203A29007C748A /* Build configuration list for PBXNativeTarget "BreakingUSNewsUITests" */;
			buildPhases = (
				F0FB7DF44F1CA4B87DFFA4BC /* [CP] Check Pods Manifest.lock */,
				B8BD7E5C29203A29007C748A /* Sources */,
				B8BD7E5D29203A29007C748A /* Frameworks */,
				B8BD7E5E29203A29007C748A /* Resources */,
				9E744E1FC69A4ED37FD3A79F /* [CP] Embed Pods Frameworks */,
			);
			buildRules = (
			);
			dependencies = (
				B8BD7E6229203A29007C748A /* PBXTargetDependency */,
			);
			name = BreakingUSNewsUITests;
			productName = BreakingUSNewsUITests;
			productReference = B8BD7E6029203A29007C748A /* BreakingUSNewsUITests.xctest */;
			productType = "com.apple.product-type.bundle.ui-testing";
		};
/* End PBXNativeTarget section */

/* Begin PBXProject section */
		B8BD7E3829203A27007C748A /* Project object */ = {
			isa = PBXProject;
			attributes = {
				BuildIndependentTargetsInParallel = 1;
				LastSwiftUpdateCheck = 1400;
				LastUpgradeCheck = 1400;
				TargetAttributes = {
					B8BD7E3F29203A27007C748A = {
						CreatedOnToolsVersion = 14.0.1;
					};
					B8BD7E5529203A29007C748A = {
						CreatedOnToolsVersion = 14.0.1;
						TestTargetID = B8BD7E3F29203A27007C748A;
					};
					B8BD7E5F29203A29007C748A = {
						CreatedOnToolsVersion = 14.0.1;
						TestTargetID = B8BD7E3F29203A27007C748A;
					};
				};
			};
			buildConfigurationList = B8BD7E3B29203A27007C748A /* Build configuration list for PBXProject "BreakingUSNews" */;
			compatibilityVersion = "Xcode 14.0";
			developmentRegion = en;
			hasScannedForEncodings = 0;
			knownRegions = (
				en,
				Base,
			);
			mainGroup = B8BD7E3729203A27007C748A;
			productRefGroup = B8BD7E4129203A27007C748A /* Products */;
			projectDirPath = "";
			projectRoot = "";
			targets = (
				B8BD7E3F29203A27007C748A /* BreakingUSNews */,
				B8BD7E5529203A29007C748A /* BreakingUSNewsTests */,
				B8BD7E5F29203A29007C748A /* BreakingUSNewsUITests */,
			);
		};
/* End PBXProject section */

/* Begin PBXResourcesBuildPhase section */
		B8BD7E3E29203A27007C748A /* Resources */ = {
			isa = PBXResourcesBuildPhase;
			buildActionMask = 2147483647;
			files = (
				B8BD7E5029203A29007C748A /* LaunchScreen.storyboard in Resources */,
				B815BA6F294B8DCC00536615 /* NewsList.storyboard in Resources */,
				B84FBB8A293FE98E004AFEEB /* GoogleService-Info.plist in Resources */,
				B8E9BC52293A32A400807469 /* FavoriteCell.xib in Resources */,
				B8C0B1B029467FC90071A3B1 /* SplashVC.xib in Resources */,
				B82A5C2829262DAA00D903F6 /* NewsDetail.storyboard in Resources */,
				B8BD7E4D29203A29007C748A /* Assets.xcassets in Resources */,
				B802D2F52922EE2100D88150 /* NewsCell.xib in Resources */,
				B850A59529480EAA00981BC4 /* OverlayView.xib in Resources */,
				B8328CF4292D8830007EB403 /* FavoriteList.storyboard in Resources */,
				B8E0B8C4294BBA09004672F4 /* FavoriteDetail.storyboard in Resources */,
			);
			runOnlyForDeploymentPostprocessing = 0;
		};
		B8BD7E5429203A29007C748A /* Resources */ = {
			isa = PBXResourcesBuildPhase;
			buildActionMask = 2147483647;
			files = (
			);
			runOnlyForDeploymentPostprocessing = 0;
		};
		B8BD7E5E29203A29007C748A /* Resources */ = {
			isa = PBXResourcesBuildPhase;
			buildActionMask = 2147483647;
			files = (
			);
			runOnlyForDeploymentPostprocessing = 0;
		};
/* End PBXResourcesBuildPhase section */

/* Begin PBXShellScriptBuildPhase section */
		13E116519D64E940B010581E /* [CP] Check Pods Manifest.lock */ = {
			isa = PBXShellScriptBuildPhase;
			buildActionMask = 2147483647;
			files = (
			);
			inputFileListPaths = (
			);
			inputPaths = (
				"${PODS_PODFILE_DIR_PATH}/Podfile.lock",
				"${PODS_ROOT}/Manifest.lock",
			);
			name = "[CP] Check Pods Manifest.lock";
			outputFileListPaths = (
			);
			outputPaths = (
				"$(DERIVED_FILE_DIR)/Pods-BreakingUSNews-checkManifestLockResult.txt",
			);
			runOnlyForDeploymentPostprocessing = 0;
			shellPath = /bin/sh;
			shellScript = "diff \"${PODS_PODFILE_DIR_PATH}/Podfile.lock\" \"${PODS_ROOT}/Manifest.lock\" > /dev/null\nif [ $? != 0 ] ; then\n    # print error to STDERR\n    echo \"error: The sandbox is not in sync with the Podfile.lock. Run 'pod install' or update your CocoaPods installation.\" >&2\n    exit 1\nfi\n# This output is used by Xcode 'outputs' to avoid re-running this script phase.\necho \"SUCCESS\" > \"${SCRIPT_OUTPUT_FILE_0}\"\n";
			showEnvVarsInLog = 0;
		};
		485966C35F2DB5A0129B4A40 /* [CP] Check Pods Manifest.lock */ = {
			isa = PBXShellScriptBuildPhase;
			buildActionMask = 2147483647;
			files = (
			);
			inputFileListPaths = (
			);
			inputPaths = (
				"${PODS_PODFILE_DIR_PATH}/Podfile.lock",
				"${PODS_ROOT}/Manifest.lock",
			);
			name = "[CP] Check Pods Manifest.lock";
			outputFileListPaths = (
			);
			outputPaths = (
				"$(DERIVED_FILE_DIR)/Pods-BreakingUSNewsTests-checkManifestLockResult.txt",
			);
			runOnlyForDeploymentPostprocessing = 0;
			shellPath = /bin/sh;
			shellScript = "diff \"${PODS_PODFILE_DIR_PATH}/Podfile.lock\" \"${PODS_ROOT}/Manifest.lock\" > /dev/null\nif [ $? != 0 ] ; then\n    # print error to STDERR\n    echo \"error: The sandbox is not in sync with the Podfile.lock. Run 'pod install' or update your CocoaPods installation.\" >&2\n    exit 1\nfi\n# This output is used by Xcode 'outputs' to avoid re-running this script phase.\necho \"SUCCESS\" > \"${SCRIPT_OUTPUT_FILE_0}\"\n";
			showEnvVarsInLog = 0;
		};
		8D652C82BF86663DAA042DD4 /* [CP] Embed Pods Frameworks */ = {
			isa = PBXShellScriptBuildPhase;
			buildActionMask = 2147483647;
			files = (
			);
			inputFileListPaths = (
				"${PODS_ROOT}/Target Support Files/Pods-BreakingUSNews/Pods-BreakingUSNews-frameworks-${CONFIGURATION}-input-files.xcfilelist",
			);
			name = "[CP] Embed Pods Frameworks";
			outputFileListPaths = (
				"${PODS_ROOT}/Target Support Files/Pods-BreakingUSNews/Pods-BreakingUSNews-frameworks-${CONFIGURATION}-output-files.xcfilelist",
			);
			runOnlyForDeploymentPostprocessing = 0;
			shellPath = /bin/sh;
			shellScript = "\"${PODS_ROOT}/Target Support Files/Pods-BreakingUSNews/Pods-BreakingUSNews-frameworks.sh\"\n";
			showEnvVarsInLog = 0;
		};
		9E744E1FC69A4ED37FD3A79F /* [CP] Embed Pods Frameworks */ = {
			isa = PBXShellScriptBuildPhase;
			buildActionMask = 2147483647;
			files = (
			);
			inputFileListPaths = (
				"${PODS_ROOT}/Target Support Files/Pods-BreakingUSNews-BreakingUSNewsUITests/Pods-BreakingUSNews-BreakingUSNewsUITests-frameworks-${CONFIGURATION}-input-files.xcfilelist",
			);
			name = "[CP] Embed Pods Frameworks";
			outputFileListPaths = (
				"${PODS_ROOT}/Target Support Files/Pods-BreakingUSNews-BreakingUSNewsUITests/Pods-BreakingUSNews-BreakingUSNewsUITests-frameworks-${CONFIGURATION}-output-files.xcfilelist",
			);
			runOnlyForDeploymentPostprocessing = 0;
			shellPath = /bin/sh;
			shellScript = "\"${PODS_ROOT}/Target Support Files/Pods-BreakingUSNews-BreakingUSNewsUITests/Pods-BreakingUSNews-BreakingUSNewsUITests-frameworks.sh\"\n";
			showEnvVarsInLog = 0;
		};
		F0FB7DF44F1CA4B87DFFA4BC /* [CP] Check Pods Manifest.lock */ = {
			isa = PBXShellScriptBuildPhase;
			buildActionMask = 2147483647;
			files = (
			);
			inputFileListPaths = (
			);
			inputPaths = (
				"${PODS_PODFILE_DIR_PATH}/Podfile.lock",
				"${PODS_ROOT}/Manifest.lock",
			);
			name = "[CP] Check Pods Manifest.lock";
			outputFileListPaths = (
			);
			outputPaths = (
				"$(DERIVED_FILE_DIR)/Pods-BreakingUSNews-BreakingUSNewsUITests-checkManifestLockResult.txt",
			);
			runOnlyForDeploymentPostprocessing = 0;
			shellPath = /bin/sh;
			shellScript = "diff \"${PODS_PODFILE_DIR_PATH}/Podfile.lock\" \"${PODS_ROOT}/Manifest.lock\" > /dev/null\nif [ $? != 0 ] ; then\n    # print error to STDERR\n    echo \"error: The sandbox is not in sync with the Podfile.lock. Run 'pod install' or update your CocoaPods installation.\" >&2\n    exit 1\nfi\n# This output is used by Xcode 'outputs' to avoid re-running this script phase.\necho \"SUCCESS\" > \"${SCRIPT_OUTPUT_FILE_0}\"\n";
			showEnvVarsInLog = 0;
		};
/* End PBXShellScriptBuildPhase section */

/* Begin PBXSourcesBuildPhase section */
		B8BD7E3C29203A27007C748A /* Sources */ = {
			isa = PBXSourcesBuildPhase;
			buildActionMask = 2147483647;
			files = (
				B8E0B8C0294BB9EE004672F4 /* FavoriteDetailModels.swift in Sources */,
				B8BD7E8029203E46007C748A /* NewsListInteractor.swift in Sources */,
				B8E0B8BF294BB9EE004672F4 /* FavoriteDetailRouter.swift in Sources */,
				B8328CFD292D886F007EB403 /* NewsFavoriteListRouter.swift in Sources */,
				B8BD7E4429203A27007C748A /* AppDelegate.swift in Sources */,
				B82A5C3129262DC300D903F6 /* NewsDetailRouter.swift in Sources */,
				B84B1DD829276F6200FCEC51 /* WebViewController.swift in Sources */,
				B8C0B1AF29467FC90071A3B1 /* SplashVC.swift in Sources */,
				B8BD7E7D29203E46007C748A /* NewsListRouter.swift in Sources */,
				B850A5972948146000981BC4 /* OverlayView.swift in Sources */,
				B82A5C3029262DC300D903F6 /* NewsDetailWorker.swift in Sources */,
				B82A5C3429262DC300D903F6 /* NewsDetailInteractor.swift in Sources */,
				B8DB9F87292107E8008C895A /* NewsModel.swift in Sources */,
				B8328CFF292D886F007EB403 /* NewsFavoriteListViewController.swift in Sources */,
				B8AFA47F2930CE52009A422D /* CoreDataManager.swift in Sources */,
				B82A5C3329262DC300D903F6 /* NewsDetailViewController.swift in Sources */,
				B80E8CD22930DB9E000E1ACD /* FavoriteModel.xcdatamodeld in Sources */,
				B850A59329480DE500981BC4 /* PresentationController.swift in Sources */,
				B8E0B8BD294BB9EE004672F4 /* FavoriteDetailPresenter.swift in Sources */,
				B8BD7E7C29203E46007C748A /* NewsListWorker.swift in Sources */,
				B8BD7E7E29203E46007C748A /* NewsListModels.swift in Sources */,
				B8328CFC292D886F007EB403 /* NewsFavoriteListWorker.swift in Sources */,
				B82A5C2F29262DC300D903F6 /* NewsDetailPresenter.swift in Sources */,
				B8E0B8C2294BB9EE004672F4 /* FavoriteDetailInteractor.swift in Sources */,
				B8E9BC58293A3D4500807469 /* FavoriteVC+TableView.swift in Sources */,
				B8BD7E7B29203E46007C748A /* NewsListPresenter.swift in Sources */,
				B8DB9F8929212282008C895A /* Requester.swift in Sources */,
				B8328CFB292D886F007EB403 /* NewsFavoriteListPresenter.swift in Sources */,
				B876EA1C29252DA100F60C3C /* NewsVC+TableView.swift in Sources */,
				B87B119529431A7F001146C8 /* Style.swift in Sources */,
				B8BD7E8329204089007C748A /* NewsListViewController.swift in Sources */,
				B876EA1F292532A100F60C3C /* UIViewExtensions.swift in Sources */,
				B8328CFE292D886F007EB403 /* NewsFavoriteListModels.swift in Sources */,
				B8E0B8C1294BB9EE004672F4 /* FavoriteDetailViewController.swift in Sources */,
				B8E0B8BE294BB9EE004672F4 /* FavoriteDetailWorker.swift in Sources */,
				B8E9BC51293A32A400807469 /* FavoriteCell.swift in Sources */,
				B802D2F42922EE2100D88150 /* NewsCell.swift in Sources */,
				B82A5C16292584D300D903F6 /* DateExtensions.swift in Sources */,
				B8328D00292D886F007EB403 /* NewsFavoriteListInteractor.swift in Sources */,
				B82A5C3229262DC300D903F6 /* NewsDetailModels.swift in Sources */,
				B8240F6A2951C233007AFBC4 /* ZFRippleButton.swift in Sources */,
			);
			runOnlyForDeploymentPostprocessing = 0;
		};
		B8BD7E5229203A29007C748A /* Sources */ = {
			isa = PBXSourcesBuildPhase;
			buildActionMask = 2147483647;
			files = (
				B8BD7E5B29203A29007C748A /* BreakingUSNewsTests.swift in Sources */,
			);
			runOnlyForDeploymentPostprocessing = 0;
		};
		B8BD7E5C29203A29007C748A /* Sources */ = {
			isa = PBXSourcesBuildPhase;
			buildActionMask = 2147483647;
			files = (
				B8BD7E6729203A29007C748A /* BreakingUSNewsUITestsLaunchTests.swift in Sources */,
				B8BD7E6529203A29007C748A /* BreakingUSNewsUITests.swift in Sources */,
			);
			runOnlyForDeploymentPostprocessing = 0;
		};
/* End PBXSourcesBuildPhase section */

/* Begin PBXTargetDependency section */
		B8BD7E5829203A29007C748A /* PBXTargetDependency */ = {
			isa = PBXTargetDependency;
			target = B8BD7E3F29203A27007C748A /* BreakingUSNews */;
			targetProxy = B8BD7E5729203A29007C748A /* PBXContainerItemProxy */;
		};
		B8BD7E6229203A29007C748A /* PBXTargetDependency */ = {
			isa = PBXTargetDependency;
			target = B8BD7E3F29203A27007C748A /* BreakingUSNews */;
			targetProxy = B8BD7E6129203A29007C748A /* PBXContainerItemProxy */;
		};
/* End PBXTargetDependency section */

/* Begin PBXVariantGroup section */
		B8BD7E4E29203A29007C748A /* LaunchScreen.storyboard */ = {
			isa = PBXVariantGroup;
			children = (
				B8BD7E4F29203A29007C748A /* Base */,
			);
			name = LaunchScreen.storyboard;
			sourceTree = "<group>";
		};
/* End PBXVariantGroup section */

/* Begin XCBuildConfiguration section */
		B8BD7E6829203A29007C748A /* Debug */ = {
			isa = XCBuildConfiguration;
			buildSettings = {
				ALWAYS_SEARCH_USER_PATHS = NO;
				CLANG_ANALYZER_NONNULL = YES;
				CLANG_ANALYZER_NUMBER_OBJECT_CONVERSION = YES_AGGRESSIVE;
				CLANG_CXX_LANGUAGE_STANDARD = "gnu++20";
				CLANG_ENABLE_MODULES = YES;
				CLANG_ENABLE_OBJC_ARC = YES;
				CLANG_ENABLE_OBJC_WEAK = YES;
				CLANG_WARN_BLOCK_CAPTURE_AUTORELEASING = YES;
				CLANG_WARN_BOOL_CONVERSION = YES;
				CLANG_WARN_COMMA = YES;
				CLANG_WARN_CONSTANT_CONVERSION = YES;
				CLANG_WARN_DEPRECATED_OBJC_IMPLEMENTATIONS = YES;
				CLANG_WARN_DIRECT_OBJC_ISA_USAGE = YES_ERROR;
				CLANG_WARN_DOCUMENTATION_COMMENTS = YES;
				CLANG_WARN_EMPTY_BODY = YES;
				CLANG_WARN_ENUM_CONVERSION = YES;
				CLANG_WARN_INFINITE_RECURSION = YES;
				CLANG_WARN_INT_CONVERSION = YES;
				CLANG_WARN_NON_LITERAL_NULL_CONVERSION = YES;
				CLANG_WARN_OBJC_IMPLICIT_RETAIN_SELF = YES;
				CLANG_WARN_OBJC_LITERAL_CONVERSION = YES;
				CLANG_WARN_OBJC_ROOT_CLASS = YES_ERROR;
				CLANG_WARN_QUOTED_INCLUDE_IN_FRAMEWORK_HEADER = YES;
				CLANG_WARN_RANGE_LOOP_ANALYSIS = YES;
				CLANG_WARN_STRICT_PROTOTYPES = YES;
				CLANG_WARN_SUSPICIOUS_MOVE = YES;
				CLANG_WARN_UNGUARDED_AVAILABILITY = YES_AGGRESSIVE;
				CLANG_WARN_UNREACHABLE_CODE = YES;
				CLANG_WARN__DUPLICATE_METHOD_MATCH = YES;
				COPY_PHASE_STRIP = NO;
				DEBUG_INFORMATION_FORMAT = dwarf;
				ENABLE_STRICT_OBJC_MSGSEND = YES;
				ENABLE_TESTABILITY = YES;
				GCC_C_LANGUAGE_STANDARD = gnu11;
				GCC_DYNAMIC_NO_PIC = NO;
				GCC_NO_COMMON_BLOCKS = YES;
				GCC_OPTIMIZATION_LEVEL = 0;
				GCC_PREPROCESSOR_DEFINITIONS = (
					"DEBUG=1",
					"$(inherited)",
				);
				GCC_WARN_64_TO_32_BIT_CONVERSION = YES;
				GCC_WARN_ABOUT_RETURN_TYPE = YES_ERROR;
				GCC_WARN_UNDECLARED_SELECTOR = YES;
				GCC_WARN_UNINITIALIZED_AUTOS = YES_AGGRESSIVE;
				GCC_WARN_UNUSED_FUNCTION = YES;
				GCC_WARN_UNUSED_VARIABLE = YES;
				IPHONEOS_DEPLOYMENT_TARGET = 16.0;
				MTL_ENABLE_DEBUG_INFO = INCLUDE_SOURCE;
				MTL_FAST_MATH = YES;
				ONLY_ACTIVE_ARCH = YES;
				SDKROOT = iphoneos;
				SWIFT_ACTIVE_COMPILATION_CONDITIONS = DEBUG;
				SWIFT_OPTIMIZATION_LEVEL = "-Onone";
			};
			name = Debug;
		};
		B8BD7E6929203A29007C748A /* Release */ = {
			isa = XCBuildConfiguration;
			buildSettings = {
				ALWAYS_SEARCH_USER_PATHS = NO;
				CLANG_ANALYZER_NONNULL = YES;
				CLANG_ANALYZER_NUMBER_OBJECT_CONVERSION = YES_AGGRESSIVE;
				CLANG_CXX_LANGUAGE_STANDARD = "gnu++20";
				CLANG_ENABLE_MODULES = YES;
				CLANG_ENABLE_OBJC_ARC = YES;
				CLANG_ENABLE_OBJC_WEAK = YES;
				CLANG_WARN_BLOCK_CAPTURE_AUTORELEASING = YES;
				CLANG_WARN_BOOL_CONVERSION = YES;
				CLANG_WARN_COMMA = YES;
				CLANG_WARN_CONSTANT_CONVERSION = YES;
				CLANG_WARN_DEPRECATED_OBJC_IMPLEMENTATIONS = YES;
				CLANG_WARN_DIRECT_OBJC_ISA_USAGE = YES_ERROR;
				CLANG_WARN_DOCUMENTATION_COMMENTS = YES;
				CLANG_WARN_EMPTY_BODY = YES;
				CLANG_WARN_ENUM_CONVERSION = YES;
				CLANG_WARN_INFINITE_RECURSION = YES;
				CLANG_WARN_INT_CONVERSION = YES;
				CLANG_WARN_NON_LITERAL_NULL_CONVERSION = YES;
				CLANG_WARN_OBJC_IMPLICIT_RETAIN_SELF = YES;
				CLANG_WARN_OBJC_LITERAL_CONVERSION = YES;
				CLANG_WARN_OBJC_ROOT_CLASS = YES_ERROR;
				CLANG_WARN_QUOTED_INCLUDE_IN_FRAMEWORK_HEADER = YES;
				CLANG_WARN_RANGE_LOOP_ANALYSIS = YES;
				CLANG_WARN_STRICT_PROTOTYPES = YES;
				CLANG_WARN_SUSPICIOUS_MOVE = YES;
				CLANG_WARN_UNGUARDED_AVAILABILITY = YES_AGGRESSIVE;
				CLANG_WARN_UNREACHABLE_CODE = YES;
				CLANG_WARN__DUPLICATE_METHOD_MATCH = YES;
				COPY_PHASE_STRIP = NO;
				DEBUG_INFORMATION_FORMAT = "dwarf-with-dsym";
				ENABLE_NS_ASSERTIONS = NO;
				ENABLE_STRICT_OBJC_MSGSEND = YES;
				GCC_C_LANGUAGE_STANDARD = gnu11;
				GCC_NO_COMMON_BLOCKS = YES;
				GCC_WARN_64_TO_32_BIT_CONVERSION = YES;
				GCC_WARN_ABOUT_RETURN_TYPE = YES_ERROR;
				GCC_WARN_UNDECLARED_SELECTOR = YES;
				GCC_WARN_UNINITIALIZED_AUTOS = YES_AGGRESSIVE;
				GCC_WARN_UNUSED_FUNCTION = YES;
				GCC_WARN_UNUSED_VARIABLE = YES;
				IPHONEOS_DEPLOYMENT_TARGET = 16.0;
				MTL_ENABLE_DEBUG_INFO = NO;
				MTL_FAST_MATH = YES;
				SDKROOT = iphoneos;
				SWIFT_COMPILATION_MODE = wholemodule;
				SWIFT_OPTIMIZATION_LEVEL = "-O";
				VALIDATE_PRODUCT = YES;
			};
			name = Release;
		};
		B8BD7E6B29203A29007C748A /* Debug */ = {
			isa = XCBuildConfiguration;
			baseConfigurationReference = ED86D925AB5513E5DC98C90E /* Pods-BreakingUSNews.debug.xcconfig */;
			buildSettings = {
				ASSETCATALOG_COMPILER_APPICON_NAME = AppIcon;
				ASSETCATALOG_COMPILER_GLOBAL_ACCENT_COLOR_NAME = AccentColor;
				CODE_SIGN_STYLE = Automatic;
				CURRENT_PROJECT_VERSION = 1;
				DEVELOPMENT_TEAM = B8D6D7FFGQ;
				GENERATE_INFOPLIST_FILE = YES;
				INFOPLIST_FILE = BreakingUSNews/Info.plist;
				INFOPLIST_KEY_UIApplicationSupportsIndirectInputEvents = YES;
				INFOPLIST_KEY_UILaunchStoryboardName = LaunchScreen;
				INFOPLIST_KEY_UIMainStoryboardFile = "";
				INFOPLIST_KEY_UISupportedInterfaceOrientations_iPad = "UIInterfaceOrientationPortrait UIInterfaceOrientationPortraitUpsideDown UIInterfaceOrientationLandscapeLeft UIInterfaceOrientationLandscapeRight";
				INFOPLIST_KEY_UISupportedInterfaceOrientations_iPhone = "UIInterfaceOrientationPortrait UIInterfaceOrientationLandscapeLeft UIInterfaceOrientationLandscapeRight";
				IPHONEOS_DEPLOYMENT_TARGET = 15.1;
				LD_RUNPATH_SEARCH_PATHS = (
					"$(inherited)",
					"@executable_path/Frameworks",
				);
				LIBRARY_SEARCH_PATHS = (
					"$(inherited)",
					"$(SDKROOT)/usr/lib/swift",
				);
				MARKETING_VERSION = 1.0;
				PRODUCT_BUNDLE_IDENTIFIER = com.utkucetinkaya.BreakingUSNews;
				PRODUCT_NAME = "$(TARGET_NAME)";
				SWIFT_EMIT_LOC_STRINGS = YES;
				SWIFT_VERSION = 5.0;
				TARGETED_DEVICE_FAMILY = "1,2";
			};
			name = Debug;
		};
		B8BD7E6C29203A29007C748A /* Release */ = {
			isa = XCBuildConfiguration;
			baseConfigurationReference = 548CFEAF447FE6BBB4F22469 /* Pods-BreakingUSNews.release.xcconfig */;
			buildSettings = {
				ASSETCATALOG_COMPILER_APPICON_NAME = AppIcon;
				ASSETCATALOG_COMPILER_GLOBAL_ACCENT_COLOR_NAME = AccentColor;
				CODE_SIGN_STYLE = Automatic;
				CURRENT_PROJECT_VERSION = 1;
				DEVELOPMENT_TEAM = B8D6D7FFGQ;
				GENERATE_INFOPLIST_FILE = YES;
				INFOPLIST_FILE = BreakingUSNews/Info.plist;
				INFOPLIST_KEY_UIApplicationSupportsIndirectInputEvents = YES;
				INFOPLIST_KEY_UILaunchStoryboardName = LaunchScreen;
				INFOPLIST_KEY_UIMainStoryboardFile = "";
				INFOPLIST_KEY_UISupportedInterfaceOrientations_iPad = "UIInterfaceOrientationPortrait UIInterfaceOrientationPortraitUpsideDown UIInterfaceOrientationLandscapeLeft UIInterfaceOrientationLandscapeRight";
				INFOPLIST_KEY_UISupportedInterfaceOrientations_iPhone = "UIInterfaceOrientationPortrait UIInterfaceOrientationLandscapeLeft UIInterfaceOrientationLandscapeRight";
				IPHONEOS_DEPLOYMENT_TARGET = 15.1;
				LD_RUNPATH_SEARCH_PATHS = (
					"$(inherited)",
					"@executable_path/Frameworks",
				);
				LIBRARY_SEARCH_PATHS = (
					"$(inherited)",
					"$(SDKROOT)/usr/lib/swift",
				);
				MARKETING_VERSION = 1.0;
				PRODUCT_BUNDLE_IDENTIFIER = com.utkucetinkaya.BreakingUSNews;
				PRODUCT_NAME = "$(TARGET_NAME)";
				SWIFT_EMIT_LOC_STRINGS = YES;
				SWIFT_VERSION = 5.0;
				TARGETED_DEVICE_FAMILY = "1,2";
			};
			name = Release;
		};
		B8BD7E6E29203A29007C748A /* Debug */ = {
			isa = XCBuildConfiguration;
			baseConfigurationReference = CA07B05A5A5C3BE1CBBF60E3 /* Pods-BreakingUSNewsTests.debug.xcconfig */;
			buildSettings = {
				ALWAYS_EMBED_SWIFT_STANDARD_LIBRARIES = YES;
				BUNDLE_LOADER = "$(TEST_HOST)";
				CODE_SIGN_STYLE = Automatic;
				CURRENT_PROJECT_VERSION = 1;
				DEVELOPMENT_TEAM = B8D6D7FFGQ;
				GENERATE_INFOPLIST_FILE = YES;
				IPHONEOS_DEPLOYMENT_TARGET = 16.0;
				MARKETING_VERSION = 1.0;
				PRODUCT_BUNDLE_IDENTIFIER = com.utkucetinkaya.BreakingUSNewsTests;
				PRODUCT_NAME = "$(TARGET_NAME)";
				SWIFT_EMIT_LOC_STRINGS = NO;
				SWIFT_VERSION = 5.0;
				TARGETED_DEVICE_FAMILY = "1,2";
				TEST_HOST = "$(BUILT_PRODUCTS_DIR)/BreakingUSNews.app/$(BUNDLE_EXECUTABLE_FOLDER_PATH)/BreakingUSNews";
			};
			name = Debug;
		};
		B8BD7E6F29203A29007C748A /* Release */ = {
			isa = XCBuildConfiguration;
			baseConfigurationReference = 3BEE256D08C4B5FCF0746632 /* Pods-BreakingUSNewsTests.release.xcconfig */;
			buildSettings = {
				ALWAYS_EMBED_SWIFT_STANDARD_LIBRARIES = YES;
				BUNDLE_LOADER = "$(TEST_HOST)";
				CODE_SIGN_STYLE = Automatic;
				CURRENT_PROJECT_VERSION = 1;
				DEVELOPMENT_TEAM = B8D6D7FFGQ;
				GENERATE_INFOPLIST_FILE = YES;
				IPHONEOS_DEPLOYMENT_TARGET = 16.0;
				MARKETING_VERSION = 1.0;
				PRODUCT_BUNDLE_IDENTIFIER = com.utkucetinkaya.BreakingUSNewsTests;
				PRODUCT_NAME = "$(TARGET_NAME)";
				SWIFT_EMIT_LOC_STRINGS = NO;
				SWIFT_VERSION = 5.0;
				TARGETED_DEVICE_FAMILY = "1,2";
				TEST_HOST = "$(BUILT_PRODUCTS_DIR)/BreakingUSNews.app/$(BUNDLE_EXECUTABLE_FOLDER_PATH)/BreakingUSNews";
			};
			name = Release;
		};
		B8BD7E7129203A29007C748A /* Debug */ = {
			isa = XCBuildConfiguration;
			baseConfigurationReference = AF1E91279644CCA748BC4A63 /* Pods-BreakingUSNews-BreakingUSNewsUITests.debug.xcconfig */;
			buildSettings = {
				ALWAYS_EMBED_SWIFT_STANDARD_LIBRARIES = YES;
				CODE_SIGN_STYLE = Automatic;
				CURRENT_PROJECT_VERSION = 1;
				DEVELOPMENT_TEAM = B8D6D7FFGQ;
				GENERATE_INFOPLIST_FILE = YES;
				MARKETING_VERSION = 1.0;
				PRODUCT_BUNDLE_IDENTIFIER = com.utkucetinkaya.BreakingUSNewsUITests;
				PRODUCT_NAME = "$(TARGET_NAME)";
				SWIFT_EMIT_LOC_STRINGS = NO;
				SWIFT_VERSION = 5.0;
				TARGETED_DEVICE_FAMILY = "1,2";
				TEST_TARGET_NAME = BreakingUSNews;
			};
			name = Debug;
		};
		B8BD7E7229203A29007C748A /* Release */ = {
			isa = XCBuildConfiguration;
			baseConfigurationReference = 59B1C5795E63ADE6C30A38B4 /* Pods-BreakingUSNews-BreakingUSNewsUITests.release.xcconfig */;
			buildSettings = {
				ALWAYS_EMBED_SWIFT_STANDARD_LIBRARIES = YES;
				CODE_SIGN_STYLE = Automatic;
				CURRENT_PROJECT_VERSION = 1;
				DEVELOPMENT_TEAM = B8D6D7FFGQ;
				GENERATE_INFOPLIST_FILE = YES;
				MARKETING_VERSION = 1.0;
				PRODUCT_BUNDLE_IDENTIFIER = com.utkucetinkaya.BreakingUSNewsUITests;
				PRODUCT_NAME = "$(TARGET_NAME)";
				SWIFT_EMIT_LOC_STRINGS = NO;
				SWIFT_VERSION = 5.0;
				TARGETED_DEVICE_FAMILY = "1,2";
				TEST_TARGET_NAME = BreakingUSNews;
			};
			name = Release;
		};
/* End XCBuildConfiguration section */

/* Begin XCConfigurationList section */
		B8BD7E3B29203A27007C748A /* Build configuration list for PBXProject "BreakingUSNews" */ = {
			isa = XCConfigurationList;
			buildConfigurations = (
				B8BD7E6829203A29007C748A /* Debug */,
				B8BD7E6929203A29007C748A /* Release */,
			);
			defaultConfigurationIsVisible = 0;
			defaultConfigurationName = Release;
		};
		B8BD7E6A29203A29007C748A /* Build configuration list for PBXNativeTarget "BreakingUSNews" */ = {
			isa = XCConfigurationList;
			buildConfigurations = (
				B8BD7E6B29203A29007C748A /* Debug */,
				B8BD7E6C29203A29007C748A /* Release */,
			);
			defaultConfigurationIsVisible = 0;
			defaultConfigurationName = Release;
		};
		B8BD7E6D29203A29007C748A /* Build configuration list for PBXNativeTarget "BreakingUSNewsTests" */ = {
			isa = XCConfigurationList;
			buildConfigurations = (
				B8BD7E6E29203A29007C748A /* Debug */,
				B8BD7E6F29203A29007C748A /* Release */,
			);
			defaultConfigurationIsVisible = 0;
			defaultConfigurationName = Release;
		};
		B8BD7E7029203A29007C748A /* Build configuration list for PBXNativeTarget "BreakingUSNewsUITests" */ = {
			isa = XCConfigurationList;
			buildConfigurations = (
				B8BD7E7129203A29007C748A /* Debug */,
				B8BD7E7229203A29007C748A /* Release */,
			);
			defaultConfigurationIsVisible = 0;
			defaultConfigurationName = Release;
		};
/* End XCConfigurationList section */

/* Begin XCVersionGroup section */
		B80E8CD02930DB9E000E1ACD /* FavoriteModel.xcdatamodeld */ = {
			isa = XCVersionGroup;
			children = (
				B80E8CD12930DB9E000E1ACD /* FavoriteModel.xcdatamodel */,
			);
			currentVersion = B80E8CD12930DB9E000E1ACD /* FavoriteModel.xcdatamodel */;
			path = FavoriteModel.xcdatamodeld;
			sourceTree = "<group>";
			versionGroupType = wrapper.xcdatamodel;
		};
/* End XCVersionGroup section */
	};
	rootObject = B8BD7E3829203A27007C748A /* Project object */;
}
